<?xml version="1.0" encoding="utf-8"?>
<Project ToolsVersion="4.0" xmlns="http://schemas.microsoft.com/developer/msbuild/2003">
  <ItemGroup>
    <Filter Include="zlib">
      <UniqueIdentifier>{69b3109c-5494-4dd8-8eff-902bfc6809bd}</UniqueIdentifier>
    </Filter>
    <Filter Include="minizip">
      <UniqueIdentifier>{6b21ea98-a582-463b-9085-80f761a4daec}</UniqueIdentifier>
    </Filter>
  </ItemGroup>
  <ItemGroup>
    <ClCompile Include="..\..\KFLibrary\zlib\deflate.c">
      <Filter>zlib</Filter>
    </ClCompile>
    <ClCompile Include="..\..\KFLibrary\zlib\gzclose.c">
      <Filter>zlib</Filter>
    </ClCompile>
    <ClCompile Include="..\..\KFLibrary\zlib\gzlib.c">
      <Filter>zlib</Filter>
    </ClCompile>
    <ClCompile Include="..\..\KFLibrary\zlib\gzread.c">
      <Filter>zlib</Filter>
    </ClCompile>
    <ClCompile Include="..\..\KFLibrary\zlib\gzwrite.c">
      <Filter>zlib</Filter>
    </ClCompile>
    <ClCompile Include="..\..\KFLibrary\zlib\infback.c">
      <Filter>zlib</Filter>
    </ClCompile>
    <ClCompile Include="..\..\KFLibrary\zlib\inffast.c">
      <Filter>zlib</Filter>
    </ClCompile>
    <ClCompile Include="..\..\KFLibrary\zlib\inflate.c">
      <Filter>zlib</Filter>
    </ClCompile>
    <ClCompile Include="..\..\KFLibrary\zlib\inftrees.c">
      <Filter>zlib</Filter>
    </ClCompile>
    <ClCompile Include="..\..\KFLibrary\zlib\trees.c">
      <Filter>zlib</Filter>
    </ClCompile>
    <ClCompile Include="..\..\KFLibrary\zlib\uncompr.c">
      <Filter>zlib</Filter>
    </ClCompile>
    <ClCompile Include="..\..\KFLibrary\zlib\zutil.c">
      <Filter>zlib</Filter>
    </ClCompile>
    <ClCompile Include="..\..\KFLibrary\zlib\adler32.c">
      <Filter>zlib</Filter>
    </ClCompile>
    <ClCompile Include="..\..\KFLibrary\zlib\compress.c">
      <Filter>zlib</Filter>
    </ClCompile>
    <ClCompile Include="..\..\KFLibrary\zlib\crc32.c">
      <Filter>zlib</Filter>
    </ClCompile>
    <ClCompile Include="KFExcelSheet.cpp" />
    <ClCompile Include="KFExcelFile.cpp" />
    <ClCompile Include="KFExcelZip.cpp" />
    <ClCompile Include="..\..\KFLibrary\minizip\iowin32.c">
      <Filter>minizip</Filter>
    </ClCompile>
    <ClCompile Include="..\..\KFLibrary\minizip\miniunz.c">
      <Filter>minizip</Filter>
    </ClCompile>
    <ClCompile Include="..\..\KFLibrary\minizip\minizip.c">
      <Filter>minizip</Filter>
    </ClCompile>
    <ClCompile Include="..\..\KFLibrary\minizip\unzip.c">
      <Filter>minizip</Filter>
    </ClCompile>
    <ClCompile Include="..\..\KFLibrary\minizip\zip.c">
      <Filter>minizip</Filter>
    </ClCompile>
    <ClCompile Include="..\..\KFLibrary\minizip\ioapi.c">
      <Filter>minizip</Filter>
    </ClCompile>
    <ClCompile Include="..\..\KFLibrary\minizip\ioapi_buf.c">
      <Filter>minizip</Filter>
    </ClCompile>
    <ClCompile Include="..\..\KFLibrary\minizip\ioapi_mem.c">
      <Filter>minizip</Filter>
    </ClCompile>
  </ItemGroup>
  <ItemGroup>
    <ClInclude Include="KFExcelSheet.h" />
    <ClInclude Include="KFExcelFile.h" />
    <ClInclude Include="KFExcelZip.hpp" />
  </ItemGroup>
</Project>