Microsoft Visual Studio Solution File, Format Version 12.00
# Visual Studio 15
Project("{8BC9CEB8-8B4A-11D0-8D11-00A0C91BC942}") = "ALL_BUILD", "ALL_BUILD.vcxproj", "{05E64D56-549C-3F9C-965A-AA06ECE7AFDC}"
	ProjectSection(ProjectDependencies) = postProject
		{11BB8411-F327-3518-ADDF-84929CDA885A} = {11BB8411-F327-3518-ADDF-84929CDA885A}
		{483155AF-CD10-3D2F-9484-272FB4DE5B76} = {483155AF-CD10-3D2F-9484-272FB4DE5B76}
		{1EAD4CBE-C78F-3440-8E36-CB0933EB3791} = {1EAD4CBE-C78F-3440-8E36-CB0933EB3791}
		{FA10973F-241D-3B42-AE2E-AD8EA09B4E4B} = {FA10973F-241D-3B42-AE2E-AD8EA09B4E4B}
		{2AA6D44F-EFFD-37E8-9001-28B3E63B8CBD} = {2AA6D44F-EFFD-37E8-9001-28B3E63B8CBD}
		{812E7F71-0BF8-3584-8CD4-638A1C670EA2} = {812E7F71-0BF8-3584-8CD4-638A1C670EA2}
	EndProjectSection
EndProject
Project("{8BC9CEB8-8B4A-11D0-8D11-00A0C91BC942}") = "INSTALL", "INSTALL.vcxproj", "{325458E3-CA66-3030-B14A-03D8D5D60595}"
	ProjectSection(ProjectDependencies) = postProject
		{05E64D56-549C-3F9C-965A-AA06ECE7AFDC} = {05E64D56-549C-3F9C-965A-AA06ECE7AFDC}
		{11BB8411-F327-3518-ADDF-84929CDA885A} = {11BB8411-F327-3518-ADDF-84929CDA885A}
	EndProjectSection
EndProject
Project("{8BC9CEB8-8B4A-11D0-8D11-00A0C91BC942}") = "ZERO_CHECK", "ZERO_CHECK.vcxproj", "{11BB8411-F327-3518-ADDF-84929CDA885A}"
	ProjectSection(ProjectDependencies) = postProject
	EndProjectSection
EndProject
Project("{8BC9CEB8-8B4A-11D0-8D11-00A0C91BC942}") = "git2", "src\git2.vcxproj", "{483155AF-CD10-3D2F-9484-272FB4DE5B76}"
	ProjectSection(ProjectDependencies) = postProject
		{11BB8411-F327-3518-ADDF-84929CDA885A} = {11BB8411-F327-3518-ADDF-84929CDA885A}
		{1EAD4CBE-C78F-3440-8E36-CB0933EB3791} = {1EAD4CBE-C78F-3440-8E36-CB0933EB3791}
		{FA10973F-241D-3B42-AE2E-AD8EA09B4E4B} = {FA10973F-241D-3B42-AE2E-AD8EA09B4E4B}
		{2AA6D44F-EFFD-37E8-9001-28B3E63B8CBD} = {2AA6D44F-EFFD-37E8-9001-28B3E63B8CBD}
		{812E7F71-0BF8-3584-8CD4-638A1C670EA2} = {812E7F71-0BF8-3584-8CD4-638A1C670EA2}
	EndProjectSection
EndProject
Project("{8BC9CEB8-8B4A-11D0-8D11-00A0C91BC942}") = "git2internal", "src\git2internal.vcxproj", "{1EAD4CBE-C78F-3440-8E36-CB0933EB3791}"
	ProjectSection(ProjectDependencies) = postProject
		{11BB8411-F327-3518-ADDF-84929CDA885A} = {11BB8411-F327-3518-ADDF-84929CDA885A}
	EndProjectSection
EndProject
Project("{8BC9CEB8-8B4A-11D0-8D11-00A0C91BC942}") = "http-parser", "deps\http-parser\http-parser.vcxproj", "{FA10973F-241D-3B42-AE2E-AD8EA09B4E4B}"
	ProjectSection(ProjectDependencies) = postProject
		{11BB8411-F327-3518-ADDF-84929CDA885A} = {11BB8411-F327-3518-ADDF-84929CDA885A}
	EndProjectSection
EndProject
Project("{8BC9CEB8-8B4A-11D0-8D11-00A0C91BC942}") = "pcre", "deps\pcre\pcre.vcxproj", "{2AA6D44F-EFFD-37E8-9001-28B3E63B8CBD}"
	ProjectSection(ProjectDependencies) = postProject
		{11BB8411-F327-3518-ADDF-84929CDA885A} = {11BB8411-F327-3518-ADDF-84929CDA885A}
	EndProjectSection
EndProject
Project("{8BC9CEB8-8B4A-11D0-8D11-00A0C91BC942}") = "zlib", "deps\zlib\zlib.vcxproj", "{812E7F71-0BF8-3584-8CD4-638A1C670EA2}"
	ProjectSection(ProjectDependencies) = postProject
		{11BB8411-F327-3518-ADDF-84929CDA885A} = {11BB8411-F327-3518-ADDF-84929CDA885A}
	EndProjectSection
EndProject
Global
	GlobalSection(SolutionConfigurationPlatforms) = preSolution
		Debug|x64 = Debug|x64
		Release|x64 = Release|x64
		MinSizeRel|x64 = MinSizeRel|x64
		RelWithDebInfo|x64 = RelWithDebInfo|x64
	EndGlobalSection
	GlobalSection(ProjectConfigurationPlatforms) = postSolution
		{05E64D56-549C-3F9C-965A-AA06ECE7AFDC}.Debug|x64.ActiveCfg = Debug|x64
		{05E64D56-549C-3F9C-965A-AA06ECE7AFDC}.Debug|x64.Build.0 = Debug|x64
		{05E64D56-549C-3F9C-965A-AA06ECE7AFDC}.Release|x64.ActiveCfg = Release|x64
		{05E64D56-549C-3F9C-965A-AA06ECE7AFDC}.Release|x64.Build.0 = Release|x64
		{05E64D56-549C-3F9C-965A-AA06ECE7AFDC}.MinSizeRel|x64.ActiveCfg = MinSizeRel|x64
		{05E64D56-549C-3F9C-965A-AA06ECE7AFDC}.MinSizeRel|x64.Build.0 = MinSizeRel|x64
		{05E64D56-549C-3F9C-965A-AA06ECE7AFDC}.RelWithDebInfo|x64.ActiveCfg = RelWithDebInfo|x64
		{05E64D56-549C-3F9C-965A-AA06ECE7AFDC}.RelWithDebInfo|x64.Build.0 = RelWithDebInfo|x64
		{325458E3-CA66-3030-B14A-03D8D5D60595}.Debug|x64.ActiveCfg = Debug|x64
		{325458E3-CA66-3030-B14A-03D8D5D60595}.Release|x64.ActiveCfg = Release|x64
		{325458E3-CA66-3030-B14A-03D8D5D60595}.MinSizeRel|x64.ActiveCfg = MinSizeRel|x64
		{325458E3-CA66-3030-B14A-03D8D5D60595}.RelWithDebInfo|x64.ActiveCfg = RelWithDebInfo|x64
		{11BB8411-F327-3518-ADDF-84929CDA885A}.Debug|x64.ActiveCfg = Debug|x64
		{11BB8411-F327-3518-ADDF-84929CDA885A}.Debug|x64.Build.0 = Debug|x64
		{11BB8411-F327-3518-ADDF-84929CDA885A}.Release|x64.ActiveCfg = Release|x64
		{11BB8411-F327-3518-ADDF-84929CDA885A}.Release|x64.Build.0 = Release|x64
		{11BB8411-F327-3518-ADDF-84929CDA885A}.MinSizeRel|x64.ActiveCfg = MinSizeRel|x64
		{11BB8411-F327-3518-ADDF-84929CDA885A}.MinSizeRel|x64.Build.0 = MinSizeRel|x64
		{11BB8411-F327-3518-ADDF-84929CDA885A}.RelWithDebInfo|x64.ActiveCfg = RelWithDebInfo|x64
		{11BB8411-F327-3518-ADDF-84929CDA885A}.RelWithDebInfo|x64.Build.0 = RelWithDebInfo|x64
		{483155AF-CD10-3D2F-9484-272FB4DE5B76}.Debug|x64.ActiveCfg = Debug|x64
		{483155AF-CD10-3D2F-9484-272FB4DE5B76}.Debug|x64.Build.0 = Debug|x64
		{483155AF-CD10-3D2F-9484-272FB4DE5B76}.Release|x64.ActiveCfg = Release|x64
		{483155AF-CD10-3D2F-9484-272FB4DE5B76}.Release|x64.Build.0 = Release|x64
		{483155AF-CD10-3D2F-9484-272FB4DE5B76}.MinSizeRel|x64.ActiveCfg = MinSizeRel|x64
		{483155AF-CD10-3D2F-9484-272FB4DE5B76}.MinSizeRel|x64.Build.0 = MinSizeRel|x64
		{483155AF-CD10-3D2F-9484-272FB4DE5B76}.RelWithDebInfo|x64.ActiveCfg = RelWithDebInfo|x64
		{483155AF-CD10-3D2F-9484-272FB4DE5B76}.RelWithDebInfo|x64.Build.0 = RelWithDebInfo|x64
		{1EAD4CBE-C78F-3440-8E36-CB0933EB3791}.Debug|x64.ActiveCfg = Debug|x64
		{1EAD4CBE-C78F-3440-8E36-CB0933EB3791}.Debug|x64.Build.0 = Debug|x64
		{1EAD4CBE-C78F-3440-8E36-CB0933EB3791}.Release|x64.ActiveCfg = Release|x64
		{1EAD4CBE-C78F-3440-8E36-CB0933EB3791}.Release|x64.Build.0 = Release|x64
		{1EAD4CBE-C78F-3440-8E36-CB0933EB3791}.MinSizeRel|x64.ActiveCfg = MinSizeRel|x64
		{1EAD4CBE-C78F-3440-8E36-CB0933EB3791}.MinSizeRel|x64.Build.0 = MinSizeRel|x64
		{1EAD4CBE-C78F-3440-8E36-CB0933EB3791}.RelWithDebInfo|x64.ActiveCfg = RelWithDebInfo|x64
		{1EAD4CBE-C78F-3440-8E36-CB0933EB3791}.RelWithDebInfo|x64.Build.0 = RelWithDebInfo|x64
		{FA10973F-241D-3B42-AE2E-AD8EA09B4E4B}.Debug|x64.ActiveCfg = Debug|x64
		{FA10973F-241D-3B42-AE2E-AD8EA09B4E4B}.Debug|x64.Build.0 = Debug|x64
		{FA10973F-241D-3B42-AE2E-AD8EA09B4E4B}.Release|x64.ActiveCfg = Release|x64
		{FA10973F-241D-3B42-AE2E-AD8EA09B4E4B}.Release|x64.Build.0 = Release|x64
		{FA10973F-241D-3B42-AE2E-AD8EA09B4E4B}.MinSizeRel|x64.ActiveCfg = MinSizeRel|x64
		{FA10973F-241D-3B42-AE2E-AD8EA09B4E4B}.MinSizeRel|x64.Build.0 = MinSizeRel|x64
		{FA10973F-241D-3B42-AE2E-AD8EA09B4E4B}.RelWithDebInfo|x64.ActiveCfg = RelWithDebInfo|x64
		{FA10973F-241D-3B42-AE2E-AD8EA09B4E4B}.RelWithDebInfo|x64.Build.0 = RelWithDebInfo|x64
		{2AA6D44F-EFFD-37E8-9001-28B3E63B8CBD}.Debug|x64.ActiveCfg = Debug|x64
		{2AA6D44F-EFFD-37E8-9001-28B3E63B8CBD}.Debug|x64.Build.0 = Debug|x64
		{2AA6D44F-EFFD-37E8-9001-28B3E63B8CBD}.Release|x64.ActiveCfg = Release|x64
		{2AA6D44F-EFFD-37E8-9001-28B3E63B8CBD}.Release|x64.Build.0 = Release|x64
		{2AA6D44F-EFFD-37E8-9001-28B3E63B8CBD}.MinSizeRel|x64.ActiveCfg = MinSizeRel|x64
		{2AA6D44F-EFFD-37E8-9001-28B3E63B8CBD}.MinSizeRel|x64.Build.0 = MinSizeRel|x64
		{2AA6D44F-EFFD-37E8-9001-28B3E63B8CBD}.RelWithDebInfo|x64.ActiveCfg = RelWithDebInfo|x64
		{2AA6D44F-EFFD-37E8-9001-28B3E63B8CBD}.RelWithDebInfo|x64.Build.0 = RelWithDebInfo|x64
		{812E7F71-0BF8-3584-8CD4-638A1C670EA2}.Debug|x64.ActiveCfg = Debug|x64
		{812E7F71-0BF8-3584-8CD4-638A1C670EA2}.Debug|x64.Build.0 = Debug|x64
		{812E7F71-0BF8-3584-8CD4-638A1C670EA2}.Release|x64.ActiveCfg = Release|x64
		{812E7F71-0BF8-3584-8CD4-638A1C670EA2}.Release|x64.Build.0 = Release|x64
		{812E7F71-0BF8-3584-8CD4-638A1C670EA2}.MinSizeRel|x64.ActiveCfg = MinSizeRel|x64
		{812E7F71-0BF8-3584-8CD4-638A1C670EA2}.MinSizeRel|x64.Build.0 = MinSizeRel|x64
		{812E7F71-0BF8-3584-8CD4-638A1C670EA2}.RelWithDebInfo|x64.ActiveCfg = RelWithDebInfo|x64
		{812E7F71-0BF8-3584-8CD4-638A1C670EA2}.RelWithDebInfo|x64.Build.0 = RelWithDebInfo|x64
	EndGlobalSection
	GlobalSection(ExtensibilityGlobals) = postSolution
		SolutionGuid = {0F7DB9C8-A666-3B39-B0F3-23A433E00324}
	EndGlobalSection
	GlobalSection(ExtensibilityAddIns) = postSolution
	EndGlobalSection
EndGlobal
