<?xml version="1.0" encoding="utf-8"?>
<Project ToolsVersion="4.0" xmlns="http://schemas.microsoft.com/developer/msbuild/2003">
  <ItemGroup>
    <ClCompile Include="dllmain.cpp" />
    <ClCompile Include="KFMailClientModule.cpp" />
    <ClCompile Include="KFMailClientPlugin.cpp" />
  </ItemGroup>
  <ItemGroup>
    <ClInclude Include="KFMailClientInterface.h" />
    <ClInclude Include="KFMailClientModule.hpp" />
    <ClInclude Include="KFMailClientPlugin.hpp" />
  </ItemGroup>
</Project>