
Microsoft Visual Studio Solution File, Format Version 12.00
# Visual Studio 15
VisualStudioVersion = 15.0.27130.2003
MinimumVisualStudioVersion = 10.0.40219.1
Project("{8BC9CEB8-8B4A-11D0-8D11-00A0C91BC942}") = "apriconv", "apriconv.vcxproj", "{45B35FBF-4BD4-44AC-A6D0-E70ACED9B4DE}"
EndProject
Global
	GlobalSection(SolutionConfigurationPlatforms) = preSolution
		Debug|x64 = Debug|x64
		Debug|x86 = Debug|x86
		Release|x64 = Release|x64
		Release|x86 = Release|x86
	EndGlobalSection
	GlobalSection(ProjectConfigurationPlatforms) = postSolution
		{45B35FBF-4BD4-44AC-A6D0-E70ACED9B4DE}.Debug|x64.ActiveCfg = Debug|x64
		{45B35FBF-4BD4-44AC-A6D0-E70ACED9B4DE}.Debug|x64.Build.0 = Debug|x64
		{45B35FBF-4BD4-44AC-A6D0-E70ACED9B4DE}.Debug|x86.ActiveCfg = Debug|Win32
		{45B35FBF-4BD4-44AC-A6D0-E70ACED9B4DE}.Debug|x86.Build.0 = Debug|Win32
		{45B35FBF-4BD4-44AC-A6D0-E70ACED9B4DE}.Release|x64.ActiveCfg = Release|x64
		{45B35FBF-4BD4-44AC-A6D0-E70ACED9B4DE}.Release|x64.Build.0 = Release|x64
		{45B35FBF-4BD4-44AC-A6D0-E70ACED9B4DE}.Release|x86.ActiveCfg = Release|Win32
		{45B35FBF-4BD4-44AC-A6D0-E70ACED9B4DE}.Release|x86.Build.0 = Release|Win32
	EndGlobalSection
	GlobalSection(SolutionProperties) = preSolution
		HideSolutionNode = FALSE
	EndGlobalSection
	GlobalSection(ExtensibilityGlobals) = postSolution
		SolutionGuid = {FBD6A305-6787-496B-8F5F-CF51C3AFD8CC}
	EndGlobalSection
EndGlobal
