<?xml version="1.0" encoding="utf-8"?>
<Project ToolsVersion="4.0" xmlns="http://schemas.microsoft.com/developer/msbuild/2003">
  <ItemGroup>
    <ClCompile Include="dllmain.cpp" />
    <ClCompile Include="KFPlayerPlugin.cpp" />
    <ClCompile Include="KFPlayerModule.cpp" />
  </ItemGroup>
  <ItemGroup>
    <ClInclude Include="KFPlayerInterface.h" />
    <ClInclude Include="KFPlayerPlugin.h" />
    <ClInclude Include="KFPlayerModule.h" />
  </ItemGroup>
</Project>