<?xml version="1.0" encoding="utf-8"?>
<Project ToolsVersion="4.0" xmlns="http://schemas.microsoft.com/developer/msbuild/2003">
  <ItemGroup>
    <Filter Include="luaplus">
      <UniqueIdentifier>{bbbadd92-7333-4eaf-b639-b9d8e77a730d}</UniqueIdentifier>
    </Filter>
    <Filter Include="lua">
      <UniqueIdentifier>{a0ec8365-40ba-42ad-ae3d-295df36b37cc}</UniqueIdentifier>
    </Filter>
  </ItemGroup>
  <ItemGroup>
    <Text Include="ReadMe.txt" />
  </ItemGroup>
  <ItemGroup>
    <ClCompile Include="..\LuaPlus.cpp">
      <Filter>luaplus</Filter>
    </ClCompile>
    <ClCompile Include="..\LuaPlusAddons.c">
      <Filter>luaplus</Filter>
    </ClCompile>
    <ClCompile Include="..\LuaState_DumpObject.cpp">
      <Filter>luaplus</Filter>
    </ClCompile>
    <ClCompile Include="..\..\lua\lua53\lapi.c">
      <Filter>lua</Filter>
    </ClCompile>
    <ClCompile Include="..\..\lua\lua53\lauxlib.c">
      <Filter>lua</Filter>
    </ClCompile>
    <ClCompile Include="..\..\lua\lua53\lbaselib.c">
      <Filter>lua</Filter>
    </ClCompile>
    <ClCompile Include="..\..\lua\lua53\lbitlib.c">
      <Filter>lua</Filter>
    </ClCompile>
    <ClCompile Include="..\..\lua\lua53\lcode.c">
      <Filter>lua</Filter>
    </ClCompile>
    <ClCompile Include="..\..\lua\lua53\lcorolib.c">
      <Filter>lua</Filter>
    </ClCompile>
    <ClCompile Include="..\..\lua\lua53\lctype.c">
      <Filter>lua</Filter>
    </ClCompile>
    <ClCompile Include="..\..\lua\lua53\ldblib.c">
      <Filter>lua</Filter>
    </ClCompile>
    <ClCompile Include="..\..\lua\lua53\ldebug.c">
      <Filter>lua</Filter>
    </ClCompile>
    <ClCompile Include="..\..\lua\lua53\ldo.c">
      <Filter>lua</Filter>
    </ClCompile>
    <ClCompile Include="..\..\lua\lua53\ldump.c">
      <Filter>lua</Filter>
    </ClCompile>
    <ClCompile Include="..\..\lua\lua53\lfunc.c">
      <Filter>lua</Filter>
    </ClCompile>
    <ClCompile Include="..\..\lua\lua53\lgc.c">
      <Filter>lua</Filter>
    </ClCompile>
    <ClCompile Include="..\..\lua\lua53\linit.c">
      <Filter>lua</Filter>
    </ClCompile>
    <ClCompile Include="..\..\lua\lua53\liolib.c">
      <Filter>lua</Filter>
    </ClCompile>
    <ClCompile Include="..\..\lua\lua53\llex.c">
      <Filter>lua</Filter>
    </ClCompile>
    <ClCompile Include="..\..\lua\lua53\lmathlib.c">
      <Filter>lua</Filter>
    </ClCompile>
    <ClCompile Include="..\..\lua\lua53\lmem.c">
      <Filter>lua</Filter>
    </ClCompile>
    <ClCompile Include="..\..\lua\lua53\loadlib.c">
      <Filter>lua</Filter>
    </ClCompile>
    <ClCompile Include="..\..\lua\lua53\lobject.c">
      <Filter>lua</Filter>
    </ClCompile>
    <ClCompile Include="..\..\lua\lua53\lopcodes.c">
      <Filter>lua</Filter>
    </ClCompile>
    <ClCompile Include="..\..\lua\lua53\loslib.c">
      <Filter>lua</Filter>
    </ClCompile>
    <ClCompile Include="..\..\lua\lua53\lparser.c">
      <Filter>lua</Filter>
    </ClCompile>
    <ClCompile Include="..\..\lua\lua53\lstate.c">
      <Filter>lua</Filter>
    </ClCompile>
    <ClCompile Include="..\..\lua\lua53\lstring.c">
      <Filter>lua</Filter>
    </ClCompile>
    <ClCompile Include="..\..\lua\lua53\lstrlib.c">
      <Filter>lua</Filter>
    </ClCompile>
    <ClCompile Include="..\..\lua\lua53\ltable.c">
      <Filter>lua</Filter>
    </ClCompile>
    <ClCompile Include="..\..\lua\lua53\ltablib.c">
      <Filter>lua</Filter>
    </ClCompile>
    <ClCompile Include="..\..\lua\lua53\ltm.c">
      <Filter>lua</Filter>
    </ClCompile>
    <ClCompile Include="..\..\lua\lua53\lua.c">
      <Filter>lua</Filter>
    </ClCompile>
    <ClCompile Include="..\..\lua\lua53\luac.c">
      <Filter>lua</Filter>
    </ClCompile>
    <ClCompile Include="..\..\lua\lua53\lundump.c">
      <Filter>lua</Filter>
    </ClCompile>
    <ClCompile Include="..\..\lua\lua53\lutf8lib.c">
      <Filter>lua</Filter>
    </ClCompile>
    <ClCompile Include="..\..\lua\lua53\lvm.c">
      <Filter>lua</Filter>
    </ClCompile>
    <ClCompile Include="..\..\lua\lua53\lzio.c">
      <Filter>lua</Filter>
    </ClCompile>
  </ItemGroup>
  <ItemGroup>
    <ClInclude Include="..\LuaAutoBlock.h">
      <Filter>luaplus</Filter>
    </ClInclude>
    <ClInclude Include="..\LuaCall.h">
      <Filter>luaplus</Filter>
    </ClInclude>
    <ClInclude Include="..\LuaFunction.h">
      <Filter>luaplus</Filter>
    </ClInclude>
    <ClInclude Include="..\LuaHelper.h">
      <Filter>luaplus</Filter>
    </ClInclude>
    <ClInclude Include="..\LuaHelper_Object.h">
      <Filter>luaplus</Filter>
    </ClInclude>
    <ClInclude Include="..\LuaHelper_StackObject.h">
      <Filter>luaplus</Filter>
    </ClInclude>
    <ClInclude Include="..\LuaObject.h">
      <Filter>luaplus</Filter>
    </ClInclude>
    <ClInclude Include="..\LuaPlus.h">
      <Filter>luaplus</Filter>
    </ClInclude>
    <ClInclude Include="..\LuaPlusCD.h">
      <Filter>luaplus</Filter>
    </ClInclude>
    <ClInclude Include="..\LuaPlusConfig.h">
      <Filter>luaplus</Filter>
    </ClInclude>
    <ClInclude Include="..\LuaPlusInternal.h">
      <Filter>luaplus</Filter>
    </ClInclude>
    <ClInclude Include="..\LuaStackObject.h">
      <Filter>luaplus</Filter>
    </ClInclude>
    <ClInclude Include="..\LuaStackTableIterator.h">
      <Filter>luaplus</Filter>
    </ClInclude>
    <ClInclude Include="..\LuaState.h">
      <Filter>luaplus</Filter>
    </ClInclude>
    <ClInclude Include="..\LuaStateCD.h">
      <Filter>luaplus</Filter>
    </ClInclude>
    <ClInclude Include="..\LuaStateOutFile.h">
      <Filter>luaplus</Filter>
    </ClInclude>
    <ClInclude Include="..\LuaStateOutString.h">
      <Filter>luaplus</Filter>
    </ClInclude>
    <ClInclude Include="..\LuaTableIterator.h">
      <Filter>luaplus</Filter>
    </ClInclude>
    <ClInclude Include="..\..\lua\lua53\lapi.h">
      <Filter>lua</Filter>
    </ClInclude>
    <ClInclude Include="..\..\lua\lua53\lauxlib.h">
      <Filter>lua</Filter>
    </ClInclude>
    <ClInclude Include="..\..\lua\lua53\lcode.h">
      <Filter>lua</Filter>
    </ClInclude>
    <ClInclude Include="..\..\lua\lua53\lctype.h">
      <Filter>lua</Filter>
    </ClInclude>
    <ClInclude Include="..\..\lua\lua53\ldebug.h">
      <Filter>lua</Filter>
    </ClInclude>
    <ClInclude Include="..\..\lua\lua53\ldo.h">
      <Filter>lua</Filter>
    </ClInclude>
    <ClInclude Include="..\..\lua\lua53\lfunc.h">
      <Filter>lua</Filter>
    </ClInclude>
    <ClInclude Include="..\..\lua\lua53\lgc.h">
      <Filter>lua</Filter>
    </ClInclude>
    <ClInclude Include="..\..\lua\lua53\llex.h">
      <Filter>lua</Filter>
    </ClInclude>
    <ClInclude Include="..\..\lua\lua53\llimits.h">
      <Filter>lua</Filter>
    </ClInclude>
    <ClInclude Include="..\..\lua\lua53\lmem.h">
      <Filter>lua</Filter>
    </ClInclude>
    <ClInclude Include="..\..\lua\lua53\lobject.h">
      <Filter>lua</Filter>
    </ClInclude>
    <ClInclude Include="..\..\lua\lua53\lopcodes.h">
      <Filter>lua</Filter>
    </ClInclude>
    <ClInclude Include="..\..\lua\lua53\lparser.h">
      <Filter>lua</Filter>
    </ClInclude>
    <ClInclude Include="..\..\lua\lua53\lprefix.h">
      <Filter>lua</Filter>
    </ClInclude>
    <ClInclude Include="..\..\lua\lua53\lstate.h">
      <Filter>lua</Filter>
    </ClInclude>
    <ClInclude Include="..\..\lua\lua53\lstring.h">
      <Filter>lua</Filter>
    </ClInclude>
    <ClInclude Include="..\..\lua\lua53\ltable.h">
      <Filter>lua</Filter>
    </ClInclude>
    <ClInclude Include="..\..\lua\lua53\ltm.h">
      <Filter>lua</Filter>
    </ClInclude>
    <ClInclude Include="..\..\lua\lua53\lua.h">
      <Filter>lua</Filter>
    </ClInclude>
    <ClInclude Include="..\..\lua\lua53\lua.hpp">
      <Filter>lua</Filter>
    </ClInclude>
    <ClInclude Include="..\..\lua\lua53\luaconf.h">
      <Filter>lua</Filter>
    </ClInclude>
    <ClInclude Include="..\..\lua\lua53\lualib.h">
      <Filter>lua</Filter>
    </ClInclude>
    <ClInclude Include="..\..\lua\lua53\lundump.h">
      <Filter>lua</Filter>
    </ClInclude>
    <ClInclude Include="..\..\lua\lua53\lvm.h">
      <Filter>lua</Filter>
    </ClInclude>
    <ClInclude Include="..\..\lua\lua53\lzio.h">
      <Filter>lua</Filter>
    </ClInclude>
  </ItemGroup>
  <ItemGroup>
    <None Include="..\LuaCall.inl">
      <Filter>luaplus</Filter>
    </None>
    <None Include="..\LuaObject.inl">
      <Filter>luaplus</Filter>
    </None>
    <None Include="..\LuaStackObject.inl">
      <Filter>luaplus</Filter>
    </None>
    <None Include="..\LuaStackTableIterator.inl">
      <Filter>luaplus</Filter>
    </None>
    <None Include="..\LuaState.inl">
      <Filter>luaplus</Filter>
    </None>
  </ItemGroup>
</Project>