
Microsoft Visual Studio Solution File, Format Version 12.00
# Visual Studio 15
VisualStudioVersion = 15.0.28307.1169
MinimumVisualStudioVersion = 10.0.40219.1
Project("{8BC9CEB8-8B4A-11D0-8D11-00A0C91BC942}") = "libssh2", "libssh2.vcxproj", "{E3CF616D-FEAB-4885-9C90-0E6EBB5D684F}"
EndProject
Project("{8BC9CEB8-8B4A-11D0-8D11-00A0C91BC942}") = "tests", "tests.vcxproj", "{3E69CCAE-2AF7-4304-AEBA-F0858A169FA0}"
EndProject
Global
	GlobalSection(SolutionConfigurationPlatforms) = preSolution
		Debug|x64 = Debug|x64
		Debug|x86 = Debug|x86
		OpenSSL DLL Debug|x64 = OpenSSL DLL Debug|x64
		OpenSSL DLL Debug|x86 = OpenSSL DLL Debug|x86
		OpenSSL DLL Release|x64 = OpenSSL DLL Release|x64
		OpenSSL DLL Release|x86 = OpenSSL DLL Release|x86
		OpenSSL LIB Debug|x64 = OpenSSL LIB Debug|x64
		OpenSSL LIB Debug|x86 = OpenSSL LIB Debug|x86
		OpenSSL LIB Release|x64 = OpenSSL LIB Release|x64
		OpenSSL LIB Release|x86 = OpenSSL LIB Release|x86
		Release|x64 = Release|x64
		Release|x86 = Release|x86
		Template|x64 = Template|x64
		Template|x86 = Template|x86
		WinCNG DLL Debug|x64 = WinCNG DLL Debug|x64
		WinCNG DLL Debug|x86 = WinCNG DLL Debug|x86
		WinCNG DLL Release|x64 = WinCNG DLL Release|x64
		WinCNG DLL Release|x86 = WinCNG DLL Release|x86
		WinCNG LIB Debug|x64 = WinCNG LIB Debug|x64
		WinCNG LIB Debug|x86 = WinCNG LIB Debug|x86
		WinCNG LIB Release|x64 = WinCNG LIB Release|x64
		WinCNG LIB Release|x86 = WinCNG LIB Release|x86
	EndGlobalSection
	GlobalSection(ProjectConfigurationPlatforms) = postSolution
		{E3CF616D-FEAB-4885-9C90-0E6EBB5D684F}.Debug|x64.ActiveCfg = OpenSSL DLL Debug|x64
		{E3CF616D-FEAB-4885-9C90-0E6EBB5D684F}.Debug|x64.Build.0 = OpenSSL DLL Debug|x64
		{E3CF616D-FEAB-4885-9C90-0E6EBB5D684F}.Debug|x86.ActiveCfg = OpenSSL DLL Debug|Win32
		{E3CF616D-FEAB-4885-9C90-0E6EBB5D684F}.Debug|x86.Build.0 = OpenSSL DLL Debug|Win32
		{E3CF616D-FEAB-4885-9C90-0E6EBB5D684F}.OpenSSL DLL Debug|x64.ActiveCfg = OpenSSL DLL Debug|x64
		{E3CF616D-FEAB-4885-9C90-0E6EBB5D684F}.OpenSSL DLL Debug|x64.Build.0 = OpenSSL DLL Debug|x64
		{E3CF616D-FEAB-4885-9C90-0E6EBB5D684F}.OpenSSL DLL Debug|x86.ActiveCfg = OpenSSL DLL Debug|Win32
		{E3CF616D-FEAB-4885-9C90-0E6EBB5D684F}.OpenSSL DLL Debug|x86.Build.0 = OpenSSL DLL Debug|Win32
		{E3CF616D-FEAB-4885-9C90-0E6EBB5D684F}.OpenSSL DLL Release|x64.ActiveCfg = OpenSSL DLL Release|x64
		{E3CF616D-FEAB-4885-9C90-0E6EBB5D684F}.OpenSSL DLL Release|x64.Build.0 = OpenSSL DLL Release|x64
		{E3CF616D-FEAB-4885-9C90-0E6EBB5D684F}.OpenSSL DLL Release|x86.ActiveCfg = OpenSSL DLL Release|Win32
		{E3CF616D-FEAB-4885-9C90-0E6EBB5D684F}.OpenSSL DLL Release|x86.Build.0 = OpenSSL DLL Release|Win32
		{E3CF616D-FEAB-4885-9C90-0E6EBB5D684F}.OpenSSL LIB Debug|x64.ActiveCfg = OpenSSL LIB Debug|x64
		{E3CF616D-FEAB-4885-9C90-0E6EBB5D684F}.OpenSSL LIB Debug|x64.Build.0 = OpenSSL LIB Debug|x64
		{E3CF616D-FEAB-4885-9C90-0E6EBB5D684F}.OpenSSL LIB Debug|x86.ActiveCfg = OpenSSL LIB Debug|Win32
		{E3CF616D-FEAB-4885-9C90-0E6EBB5D684F}.OpenSSL LIB Debug|x86.Build.0 = OpenSSL LIB Debug|Win32
		{E3CF616D-FEAB-4885-9C90-0E6EBB5D684F}.OpenSSL LIB Release|x64.ActiveCfg = OpenSSL LIB Release|x64
		{E3CF616D-FEAB-4885-9C90-0E6EBB5D684F}.OpenSSL LIB Release|x64.Build.0 = OpenSSL LIB Release|x64
		{E3CF616D-FEAB-4885-9C90-0E6EBB5D684F}.OpenSSL LIB Release|x86.ActiveCfg = OpenSSL LIB Release|Win32
		{E3CF616D-FEAB-4885-9C90-0E6EBB5D684F}.OpenSSL LIB Release|x86.Build.0 = OpenSSL LIB Release|Win32
		{E3CF616D-FEAB-4885-9C90-0E6EBB5D684F}.Release|x64.ActiveCfg = WinCNG DLL Release|x64
		{E3CF616D-FEAB-4885-9C90-0E6EBB5D684F}.Release|x64.Build.0 = WinCNG DLL Release|x64
		{E3CF616D-FEAB-4885-9C90-0E6EBB5D684F}.Release|x86.ActiveCfg = WinCNG DLL Release|Win32
		{E3CF616D-FEAB-4885-9C90-0E6EBB5D684F}.Release|x86.Build.0 = WinCNG DLL Release|Win32
		{E3CF616D-FEAB-4885-9C90-0E6EBB5D684F}.Template|x64.ActiveCfg = WinCNG DLL Release|x64
		{E3CF616D-FEAB-4885-9C90-0E6EBB5D684F}.Template|x64.Build.0 = WinCNG DLL Release|x64
		{E3CF616D-FEAB-4885-9C90-0E6EBB5D684F}.Template|x86.ActiveCfg = WinCNG DLL Release|Win32
		{E3CF616D-FEAB-4885-9C90-0E6EBB5D684F}.Template|x86.Build.0 = WinCNG DLL Release|Win32
		{E3CF616D-FEAB-4885-9C90-0E6EBB5D684F}.WinCNG DLL Debug|x64.ActiveCfg = WinCNG DLL Debug|x64
		{E3CF616D-FEAB-4885-9C90-0E6EBB5D684F}.WinCNG DLL Debug|x64.Build.0 = WinCNG DLL Debug|x64
		{E3CF616D-FEAB-4885-9C90-0E6EBB5D684F}.WinCNG DLL Debug|x86.ActiveCfg = WinCNG DLL Debug|Win32
		{E3CF616D-FEAB-4885-9C90-0E6EBB5D684F}.WinCNG DLL Debug|x86.Build.0 = WinCNG DLL Debug|Win32
		{E3CF616D-FEAB-4885-9C90-0E6EBB5D684F}.WinCNG DLL Release|x64.ActiveCfg = WinCNG DLL Release|x64
		{E3CF616D-FEAB-4885-9C90-0E6EBB5D684F}.WinCNG DLL Release|x64.Build.0 = WinCNG DLL Release|x64
		{E3CF616D-FEAB-4885-9C90-0E6EBB5D684F}.WinCNG DLL Release|x86.ActiveCfg = WinCNG DLL Release|Win32
		{E3CF616D-FEAB-4885-9C90-0E6EBB5D684F}.WinCNG DLL Release|x86.Build.0 = WinCNG DLL Release|Win32
		{E3CF616D-FEAB-4885-9C90-0E6EBB5D684F}.WinCNG LIB Debug|x64.ActiveCfg = WinCNG LIB Debug|x64
		{E3CF616D-FEAB-4885-9C90-0E6EBB5D684F}.WinCNG LIB Debug|x64.Build.0 = WinCNG LIB Debug|x64
		{E3CF616D-FEAB-4885-9C90-0E6EBB5D684F}.WinCNG LIB Debug|x86.ActiveCfg = WinCNG LIB Debug|Win32
		{E3CF616D-FEAB-4885-9C90-0E6EBB5D684F}.WinCNG LIB Debug|x86.Build.0 = WinCNG LIB Debug|Win32
		{E3CF616D-FEAB-4885-9C90-0E6EBB5D684F}.WinCNG LIB Release|x64.ActiveCfg = WinCNG LIB Release|x64
		{E3CF616D-FEAB-4885-9C90-0E6EBB5D684F}.WinCNG LIB Release|x64.Build.0 = WinCNG LIB Release|x64
		{E3CF616D-FEAB-4885-9C90-0E6EBB5D684F}.WinCNG LIB Release|x86.ActiveCfg = WinCNG LIB Release|Win32
		{E3CF616D-FEAB-4885-9C90-0E6EBB5D684F}.WinCNG LIB Release|x86.Build.0 = WinCNG LIB Release|Win32
		{3E69CCAE-2AF7-4304-AEBA-F0858A169FA0}.Debug|x64.ActiveCfg = Debug|x64
		{3E69CCAE-2AF7-4304-AEBA-F0858A169FA0}.Debug|x64.Build.0 = Debug|x64
		{3E69CCAE-2AF7-4304-AEBA-F0858A169FA0}.Debug|x86.ActiveCfg = Debug|Win32
		{3E69CCAE-2AF7-4304-AEBA-F0858A169FA0}.Debug|x86.Build.0 = Debug|Win32
		{3E69CCAE-2AF7-4304-AEBA-F0858A169FA0}.OpenSSL DLL Debug|x64.ActiveCfg = Debug|x64
		{3E69CCAE-2AF7-4304-AEBA-F0858A169FA0}.OpenSSL DLL Debug|x64.Build.0 = Debug|x64
		{3E69CCAE-2AF7-4304-AEBA-F0858A169FA0}.OpenSSL DLL Debug|x86.ActiveCfg = Debug|Win32
		{3E69CCAE-2AF7-4304-AEBA-F0858A169FA0}.OpenSSL DLL Debug|x86.Build.0 = Debug|Win32
		{3E69CCAE-2AF7-4304-AEBA-F0858A169FA0}.OpenSSL DLL Release|x64.ActiveCfg = Release|x64
		{3E69CCAE-2AF7-4304-AEBA-F0858A169FA0}.OpenSSL DLL Release|x64.Build.0 = Release|x64
		{3E69CCAE-2AF7-4304-AEBA-F0858A169FA0}.OpenSSL DLL Release|x86.ActiveCfg = Release|Win32
		{3E69CCAE-2AF7-4304-AEBA-F0858A169FA0}.OpenSSL DLL Release|x86.Build.0 = Release|Win32
		{3E69CCAE-2AF7-4304-AEBA-F0858A169FA0}.OpenSSL LIB Debug|x64.ActiveCfg = Debug|x64
		{3E69CCAE-2AF7-4304-AEBA-F0858A169FA0}.OpenSSL LIB Debug|x64.Build.0 = Debug|x64
		{3E69CCAE-2AF7-4304-AEBA-F0858A169FA0}.OpenSSL LIB Debug|x86.ActiveCfg = Debug|Win32
		{3E69CCAE-2AF7-4304-AEBA-F0858A169FA0}.OpenSSL LIB Debug|x86.Build.0 = Debug|Win32
		{3E69CCAE-2AF7-4304-AEBA-F0858A169FA0}.OpenSSL LIB Release|x64.ActiveCfg = Release|x64
		{3E69CCAE-2AF7-4304-AEBA-F0858A169FA0}.OpenSSL LIB Release|x64.Build.0 = Release|x64
		{3E69CCAE-2AF7-4304-AEBA-F0858A169FA0}.OpenSSL LIB Release|x86.ActiveCfg = Release|Win32
		{3E69CCAE-2AF7-4304-AEBA-F0858A169FA0}.OpenSSL LIB Release|x86.Build.0 = Release|Win32
		{3E69CCAE-2AF7-4304-AEBA-F0858A169FA0}.Release|x64.ActiveCfg = Release|x64
		{3E69CCAE-2AF7-4304-AEBA-F0858A169FA0}.Release|x64.Build.0 = Release|x64
		{3E69CCAE-2AF7-4304-AEBA-F0858A169FA0}.Release|x86.ActiveCfg = Release|Win32
		{3E69CCAE-2AF7-4304-AEBA-F0858A169FA0}.Release|x86.Build.0 = Release|Win32
		{3E69CCAE-2AF7-4304-AEBA-F0858A169FA0}.Template|x64.ActiveCfg = Template|x64
		{3E69CCAE-2AF7-4304-AEBA-F0858A169FA0}.Template|x64.Build.0 = Template|x64
		{3E69CCAE-2AF7-4304-AEBA-F0858A169FA0}.Template|x86.ActiveCfg = Template|Win32
		{3E69CCAE-2AF7-4304-AEBA-F0858A169FA0}.Template|x86.Build.0 = Template|Win32
		{3E69CCAE-2AF7-4304-AEBA-F0858A169FA0}.WinCNG DLL Debug|x64.ActiveCfg = Debug|x64
		{3E69CCAE-2AF7-4304-AEBA-F0858A169FA0}.WinCNG DLL Debug|x64.Build.0 = Debug|x64
		{3E69CCAE-2AF7-4304-AEBA-F0858A169FA0}.WinCNG DLL Debug|x86.ActiveCfg = Debug|Win32
		{3E69CCAE-2AF7-4304-AEBA-F0858A169FA0}.WinCNG DLL Debug|x86.Build.0 = Debug|Win32
		{3E69CCAE-2AF7-4304-AEBA-F0858A169FA0}.WinCNG DLL Release|x64.ActiveCfg = Release|x64
		{3E69CCAE-2AF7-4304-AEBA-F0858A169FA0}.WinCNG DLL Release|x64.Build.0 = Release|x64
		{3E69CCAE-2AF7-4304-AEBA-F0858A169FA0}.WinCNG DLL Release|x86.ActiveCfg = Release|Win32
		{3E69CCAE-2AF7-4304-AEBA-F0858A169FA0}.WinCNG DLL Release|x86.Build.0 = Release|Win32
		{3E69CCAE-2AF7-4304-AEBA-F0858A169FA0}.WinCNG LIB Debug|x64.ActiveCfg = Debug|x64
		{3E69CCAE-2AF7-4304-AEBA-F0858A169FA0}.WinCNG LIB Debug|x64.Build.0 = Debug|x64
		{3E69CCAE-2AF7-4304-AEBA-F0858A169FA0}.WinCNG LIB Debug|x86.ActiveCfg = Debug|Win32
		{3E69CCAE-2AF7-4304-AEBA-F0858A169FA0}.WinCNG LIB Debug|x86.Build.0 = Debug|Win32
		{3E69CCAE-2AF7-4304-AEBA-F0858A169FA0}.WinCNG LIB Release|x64.ActiveCfg = Release|x64
		{3E69CCAE-2AF7-4304-AEBA-F0858A169FA0}.WinCNG LIB Release|x64.Build.0 = Release|x64
		{3E69CCAE-2AF7-4304-AEBA-F0858A169FA0}.WinCNG LIB Release|x86.ActiveCfg = Release|Win32
		{3E69CCAE-2AF7-4304-AEBA-F0858A169FA0}.WinCNG LIB Release|x86.Build.0 = Release|Win32
	EndGlobalSection
	GlobalSection(SolutionProperties) = preSolution
		HideSolutionNode = FALSE
	EndGlobalSection
	GlobalSection(ExtensibilityGlobals) = postSolution
		SolutionGuid = {396F8767-6F84-4A9F-B7BC-5F71961DE60A}
	EndGlobalSection
EndGlobal
