<?xml version="1.0" encoding="UTF-8" standalone="yes" ?>
<CodeBlocks_project_file>
	<FileVersion major="1" minor="6" />
	<Project>
		<Option title="luaplus" />
		<Option pch_mode="2" />
		<Option compiler="gcc" />
		<Build>
			<Target title="Debug">
				<Option output="bin/Debug/luaplus53d" prefix_auto="1" extension_auto="1" />
				<Option working_dir="" />
				<Option object_output="obj/Debug/" />
				<Option type="2" />
				<Option compiler="gcc" />
				<Option createDefFile="1" />
				<Compiler>
					<Add option="-Wall" />
					<Add option="-std=c++11" />
					<Add option="-m64" />
					<Add option="-g" />
					<Add directory="../" />
					<Add directory="../../lua/lua53" />
				</Compiler>
				<Linker>
					<Add option="-m64" />
				</Linker>
			</Target>
			<Target title="Release">
				<Option output="bin/Release/luaplus53" prefix_auto="1" extension_auto="1" />
				<Option working_dir="" />
				<Option object_output="obj/Release/" />
				<Option type="2" />
				<Option compiler="gcc" />
				<Option createDefFile="1" />
				<Compiler>
					<Add option="-O2" />
					<Add option="-Wall" />
					<Add option="-std=c++11" />
					<Add option="-m64" />
					<Add directory="../" />
					<Add directory="../../lua/lua53" />
				</Compiler>
				<Linker>
					<Add option="-s" />
					<Add option="-m64" />
				</Linker>
			</Target>
		</Build>
		<Unit filename="../../lua/lua53/lapi.c">
			<Option compilerVar="CC" />
		</Unit>
		<Unit filename="../../lua/lua53/lapi.h" />
		<Unit filename="../../lua/lua53/lauxlib.c">
			<Option compilerVar="CC" />
		</Unit>
		<Unit filename="../../lua/lua53/lauxlib.h" />
		<Unit filename="../../lua/lua53/lbaselib.c">
			<Option compilerVar="CC" />
		</Unit>
		<Unit filename="../../lua/lua53/lbitlib.c">
			<Option compilerVar="CC" />
		</Unit>
		<Unit filename="../../lua/lua53/lcode.c">
			<Option compilerVar="CC" />
		</Unit>
		<Unit filename="../../lua/lua53/lcode.h" />
		<Unit filename="../../lua/lua53/lcorolib.c">
			<Option compilerVar="CC" />
		</Unit>
		<Unit filename="../../lua/lua53/lctype.c">
			<Option compilerVar="CC" />
		</Unit>
		<Unit filename="../../lua/lua53/lctype.h" />
		<Unit filename="../../lua/lua53/ldblib.c">
			<Option compilerVar="CC" />
		</Unit>
		<Unit filename="../../lua/lua53/ldebug.c">
			<Option compilerVar="CC" />
		</Unit>
		<Unit filename="../../lua/lua53/ldebug.h" />
		<Unit filename="../../lua/lua53/ldo.c">
			<Option compilerVar="CC" />
		</Unit>
		<Unit filename="../../lua/lua53/ldo.h" />
		<Unit filename="../../lua/lua53/ldump.c">
			<Option compilerVar="CC" />
		</Unit>
		<Unit filename="../../lua/lua53/lfunc.c">
			<Option compilerVar="CC" />
		</Unit>
		<Unit filename="../../lua/lua53/lfunc.h" />
		<Unit filename="../../lua/lua53/lgc.c">
			<Option compilerVar="CC" />
		</Unit>
		<Unit filename="../../lua/lua53/lgc.h" />
		<Unit filename="../../lua/lua53/linit.c">
			<Option compilerVar="CC" />
		</Unit>
		<Unit filename="../../lua/lua53/liolib.c">
			<Option compilerVar="CC" />
		</Unit>
		<Unit filename="../../lua/lua53/llex.c">
			<Option compilerVar="CC" />
		</Unit>
		<Unit filename="../../lua/lua53/llex.h" />
		<Unit filename="../../lua/lua53/llimits.h" />
		<Unit filename="../../lua/lua53/lmathlib.c">
			<Option compilerVar="CC" />
		</Unit>
		<Unit filename="../../lua/lua53/lmem.c">
			<Option compilerVar="CC" />
		</Unit>
		<Unit filename="../../lua/lua53/lmem.h" />
		<Unit filename="../../lua/lua53/loadlib.c">
			<Option compilerVar="CC" />
		</Unit>
		<Unit filename="../../lua/lua53/lobject.c">
			<Option compilerVar="CC" />
		</Unit>
		<Unit filename="../../lua/lua53/lobject.h" />
		<Unit filename="../../lua/lua53/lopcodes.c">
			<Option compilerVar="CC" />
		</Unit>
		<Unit filename="../../lua/lua53/lopcodes.h" />
		<Unit filename="../../lua/lua53/loslib.c">
			<Option compilerVar="CC" />
		</Unit>
		<Unit filename="../../lua/lua53/lparser.c">
			<Option compilerVar="CC" />
		</Unit>
		<Unit filename="../../lua/lua53/lparser.h" />
		<Unit filename="../../lua/lua53/lprefix.h" />
		<Unit filename="../../lua/lua53/lstate.c">
			<Option compilerVar="CC" />
		</Unit>
		<Unit filename="../../lua/lua53/lstate.h" />
		<Unit filename="../../lua/lua53/lstring.c">
			<Option compilerVar="CC" />
		</Unit>
		<Unit filename="../../lua/lua53/lstring.h" />
		<Unit filename="../../lua/lua53/lstrlib.c">
			<Option compilerVar="CC" />
		</Unit>
		<Unit filename="../../lua/lua53/ltable.c">
			<Option compilerVar="CC" />
		</Unit>
		<Unit filename="../../lua/lua53/ltable.h" />
		<Unit filename="../../lua/lua53/ltablib.c">
			<Option compilerVar="CC" />
		</Unit>
		<Unit filename="../../lua/lua53/ltm.c">
			<Option compilerVar="CC" />
		</Unit>
		<Unit filename="../../lua/lua53/ltm.h" />
		<Unit filename="../../lua/lua53/lua.c">
			<Option compilerVar="CC" />
		</Unit>
		<Unit filename="../../lua/lua53/lua.h" />
		<Unit filename="../../lua/lua53/lua.hpp" />
		<Unit filename="../../lua/lua53/luac.c">
			<Option compilerVar="CC" />
		</Unit>
		<Unit filename="../../lua/lua53/luaconf.h" />
		<Unit filename="../../lua/lua53/lualib.h" />
		<Unit filename="../../lua/lua53/lundump.c">
			<Option compilerVar="CC" />
		</Unit>
		<Unit filename="../../lua/lua53/lundump.h" />
		<Unit filename="../../lua/lua53/lutf8lib.c">
			<Option compilerVar="CC" />
		</Unit>
		<Unit filename="../../lua/lua53/lvm.c">
			<Option compilerVar="CC" />
		</Unit>
		<Unit filename="../../lua/lua53/lvm.h" />
		<Unit filename="../../lua/lua53/lzio.c">
			<Option compilerVar="CC" />
		</Unit>
		<Unit filename="../../lua/lua53/lzio.h" />
		<Unit filename="../LuaAutoBlock.h" />
		<Unit filename="../LuaCall.h" />
		<Unit filename="../LuaCall.inl" />
		<Unit filename="../LuaFunction.h" />
		<Unit filename="../LuaHelper.h" />
		<Unit filename="../LuaHelper_Object.h" />
		<Unit filename="../LuaHelper_StackObject.h" />
		<Unit filename="../LuaObject.h" />
		<Unit filename="../LuaObject.inl" />
		<Unit filename="../LuaPlus.cpp" />
		<Unit filename="../LuaPlus.h" />
		<Unit filename="../LuaPlusAddons.c">
			<Option compilerVar="CC" />
		</Unit>
		<Unit filename="../LuaPlusCD.h" />
		<Unit filename="../LuaPlusConfig.h" />
		<Unit filename="../LuaPlusInternal.h" />
		<Unit filename="../LuaStackObject.h" />
		<Unit filename="../LuaStackObject.inl" />
		<Unit filename="../LuaStackTableIterator.h" />
		<Unit filename="../LuaStackTableIterator.inl" />
		<Unit filename="../LuaState.h" />
		<Unit filename="../LuaState.inl" />
		<Unit filename="../LuaStateCD.h" />
		<Unit filename="../LuaStateOutFile.h" />
		<Unit filename="../LuaStateOutString.h" />
		<Unit filename="../LuaState_DumpObject.cpp" />
		<Unit filename="../LuaTableIterator.h" />
		<Extensions>
			<code_completion />
			<envvars />
			<debugger />
			<lib_finder disable_auto="1" />
		</Extensions>
	</Project>
</CodeBlocks_project_file>
