Microsoft Visual Studio Solution File, Format Version 12.00
# Visual Studio 15
Project("{8BC9CEB8-8B4A-11D0-8D11-00A0C91BC942}") = "ALL_BUILD", "ALL_BUILD.vcxproj", "{A5A8447F-57F7-394B-93B0-8EF63229A75B}"
	ProjectSection(ProjectDependencies) = postProject
		{5EFC7FF0-249B-3502-9601-DDF03CC41844} = {5EFC7FF0-249B-3502-9601-DDF03CC41844}
		{EF99656A-3C3B-3C71-A5AC-C25BD4533E05} = {EF99656A-3C3B-3C71-A5AC-C25BD4533E05}
		{C95B1F64-E06E-3B7C-B452-5566F0E59807} = {C95B1F64-E06E-3B7C-B452-5566F0E59807}
		{A8CE0B9E-57E3-3E2C-B3E1-4EE2E0919811} = {A8CE0B9E-57E3-3E2C-B3E1-4EE2E0919811}
		{248FE340-3ED2-3E69-9F59-86ACD39CC0F6} = {248FE340-3ED2-3E69-9F59-86ACD39CC0F6}
	EndProjectSection
EndProject
Project("{8BC9CEB8-8B4A-11D0-8D11-00A0C91BC942}") = "INSTALL", "INSTALL.vcxproj", "{3101EB3B-33E5-348F-95CA-72F91395EFE6}"
	ProjectSection(ProjectDependencies) = postProject
		{A5A8447F-57F7-394B-93B0-8EF63229A75B} = {A5A8447F-57F7-394B-93B0-8EF63229A75B}
		{5EFC7FF0-249B-3502-9601-DDF03CC41844} = {5EFC7FF0-249B-3502-9601-DDF03CC41844}
	EndProjectSection
EndProject
Project("{8BC9CEB8-8B4A-11D0-8D11-00A0C91BC942}") = "ZERO_CHECK", "ZERO_CHECK.vcxproj", "{5EFC7FF0-249B-3502-9601-DDF03CC41844}"
	ProjectSection(ProjectDependencies) = postProject
	EndProjectSection
EndProject
Project("{8BC9CEB8-8B4A-11D0-8D11-00A0C91BC942}") = "libprotobuf", "libprotobuf.vcxproj", "{EF99656A-3C3B-3C71-A5AC-C25BD4533E05}"
	ProjectSection(ProjectDependencies) = postProject
		{5EFC7FF0-249B-3502-9601-DDF03CC41844} = {5EFC7FF0-249B-3502-9601-DDF03CC41844}
	EndProjectSection
EndProject
Project("{8BC9CEB8-8B4A-11D0-8D11-00A0C91BC942}") = "libprotobuf-lite", "libprotobuf-lite.vcxproj", "{C95B1F64-E06E-3B7C-B452-5566F0E59807}"
	ProjectSection(ProjectDependencies) = postProject
		{5EFC7FF0-249B-3502-9601-DDF03CC41844} = {5EFC7FF0-249B-3502-9601-DDF03CC41844}
	EndProjectSection
EndProject
Project("{8BC9CEB8-8B4A-11D0-8D11-00A0C91BC942}") = "libprotoc", "libprotoc.vcxproj", "{A8CE0B9E-57E3-3E2C-B3E1-4EE2E0919811}"
	ProjectSection(ProjectDependencies) = postProject
		{5EFC7FF0-249B-3502-9601-DDF03CC41844} = {5EFC7FF0-249B-3502-9601-DDF03CC41844}
		{EF99656A-3C3B-3C71-A5AC-C25BD4533E05} = {EF99656A-3C3B-3C71-A5AC-C25BD4533E05}
	EndProjectSection
EndProject
Project("{8BC9CEB8-8B4A-11D0-8D11-00A0C91BC942}") = "protoc", "protoc.vcxproj", "{248FE340-3ED2-3E69-9F59-86ACD39CC0F6}"
	ProjectSection(ProjectDependencies) = postProject
		{5EFC7FF0-249B-3502-9601-DDF03CC41844} = {5EFC7FF0-249B-3502-9601-DDF03CC41844}
		{EF99656A-3C3B-3C71-A5AC-C25BD4533E05} = {EF99656A-3C3B-3C71-A5AC-C25BD4533E05}
		{A8CE0B9E-57E3-3E2C-B3E1-4EE2E0919811} = {A8CE0B9E-57E3-3E2C-B3E1-4EE2E0919811}
	EndProjectSection
EndProject
Global
	GlobalSection(SolutionConfigurationPlatforms) = preSolution
		Debug|x64 = Debug|x64
		Release|x64 = Release|x64
		MinSizeRel|x64 = MinSizeRel|x64
		RelWithDebInfo|x64 = RelWithDebInfo|x64
	EndGlobalSection
	GlobalSection(ProjectConfigurationPlatforms) = postSolution
		{A5A8447F-57F7-394B-93B0-8EF63229A75B}.Debug|x64.ActiveCfg = Debug|x64
		{A5A8447F-57F7-394B-93B0-8EF63229A75B}.Debug|x64.Build.0 = Debug|x64
		{A5A8447F-57F7-394B-93B0-8EF63229A75B}.Release|x64.ActiveCfg = Release|x64
		{A5A8447F-57F7-394B-93B0-8EF63229A75B}.Release|x64.Build.0 = Release|x64
		{A5A8447F-57F7-394B-93B0-8EF63229A75B}.MinSizeRel|x64.ActiveCfg = MinSizeRel|x64
		{A5A8447F-57F7-394B-93B0-8EF63229A75B}.MinSizeRel|x64.Build.0 = MinSizeRel|x64
		{A5A8447F-57F7-394B-93B0-8EF63229A75B}.RelWithDebInfo|x64.ActiveCfg = RelWithDebInfo|x64
		{A5A8447F-57F7-394B-93B0-8EF63229A75B}.RelWithDebInfo|x64.Build.0 = RelWithDebInfo|x64
		{3101EB3B-33E5-348F-95CA-72F91395EFE6}.Debug|x64.ActiveCfg = Debug|x64
		{3101EB3B-33E5-348F-95CA-72F91395EFE6}.Release|x64.ActiveCfg = Release|x64
		{3101EB3B-33E5-348F-95CA-72F91395EFE6}.MinSizeRel|x64.ActiveCfg = MinSizeRel|x64
		{3101EB3B-33E5-348F-95CA-72F91395EFE6}.RelWithDebInfo|x64.ActiveCfg = RelWithDebInfo|x64
		{5EFC7FF0-249B-3502-9601-DDF03CC41844}.Debug|x64.ActiveCfg = Debug|x64
		{5EFC7FF0-249B-3502-9601-DDF03CC41844}.Debug|x64.Build.0 = Debug|x64
		{5EFC7FF0-249B-3502-9601-DDF03CC41844}.Release|x64.ActiveCfg = Release|x64
		{5EFC7FF0-249B-3502-9601-DDF03CC41844}.Release|x64.Build.0 = Release|x64
		{5EFC7FF0-249B-3502-9601-DDF03CC41844}.MinSizeRel|x64.ActiveCfg = MinSizeRel|x64
		{5EFC7FF0-249B-3502-9601-DDF03CC41844}.MinSizeRel|x64.Build.0 = MinSizeRel|x64
		{5EFC7FF0-249B-3502-9601-DDF03CC41844}.RelWithDebInfo|x64.ActiveCfg = RelWithDebInfo|x64
		{5EFC7FF0-249B-3502-9601-DDF03CC41844}.RelWithDebInfo|x64.Build.0 = RelWithDebInfo|x64
		{EF99656A-3C3B-3C71-A5AC-C25BD4533E05}.Debug|x64.ActiveCfg = Debug|x64
		{EF99656A-3C3B-3C71-A5AC-C25BD4533E05}.Debug|x64.Build.0 = Debug|x64
		{EF99656A-3C3B-3C71-A5AC-C25BD4533E05}.Release|x64.ActiveCfg = Release|x64
		{EF99656A-3C3B-3C71-A5AC-C25BD4533E05}.Release|x64.Build.0 = Release|x64
		{EF99656A-3C3B-3C71-A5AC-C25BD4533E05}.MinSizeRel|x64.ActiveCfg = MinSizeRel|x64
		{EF99656A-3C3B-3C71-A5AC-C25BD4533E05}.MinSizeRel|x64.Build.0 = MinSizeRel|x64
		{EF99656A-3C3B-3C71-A5AC-C25BD4533E05}.RelWithDebInfo|x64.ActiveCfg = RelWithDebInfo|x64
		{EF99656A-3C3B-3C71-A5AC-C25BD4533E05}.RelWithDebInfo|x64.Build.0 = RelWithDebInfo|x64
		{C95B1F64-E06E-3B7C-B452-5566F0E59807}.Debug|x64.ActiveCfg = Debug|x64
		{C95B1F64-E06E-3B7C-B452-5566F0E59807}.Debug|x64.Build.0 = Debug|x64
		{C95B1F64-E06E-3B7C-B452-5566F0E59807}.Release|x64.ActiveCfg = Release|x64
		{C95B1F64-E06E-3B7C-B452-5566F0E59807}.Release|x64.Build.0 = Release|x64
		{C95B1F64-E06E-3B7C-B452-5566F0E59807}.MinSizeRel|x64.ActiveCfg = MinSizeRel|x64
		{C95B1F64-E06E-3B7C-B452-5566F0E59807}.MinSizeRel|x64.Build.0 = MinSizeRel|x64
		{C95B1F64-E06E-3B7C-B452-5566F0E59807}.RelWithDebInfo|x64.ActiveCfg = RelWithDebInfo|x64
		{C95B1F64-E06E-3B7C-B452-5566F0E59807}.RelWithDebInfo|x64.Build.0 = RelWithDebInfo|x64
		{A8CE0B9E-57E3-3E2C-B3E1-4EE2E0919811}.Debug|x64.ActiveCfg = Debug|x64
		{A8CE0B9E-57E3-3E2C-B3E1-4EE2E0919811}.Debug|x64.Build.0 = Debug|x64
		{A8CE0B9E-57E3-3E2C-B3E1-4EE2E0919811}.Release|x64.ActiveCfg = Release|x64
		{A8CE0B9E-57E3-3E2C-B3E1-4EE2E0919811}.Release|x64.Build.0 = Release|x64
		{A8CE0B9E-57E3-3E2C-B3E1-4EE2E0919811}.MinSizeRel|x64.ActiveCfg = MinSizeRel|x64
		{A8CE0B9E-57E3-3E2C-B3E1-4EE2E0919811}.MinSizeRel|x64.Build.0 = MinSizeRel|x64
		{A8CE0B9E-57E3-3E2C-B3E1-4EE2E0919811}.RelWithDebInfo|x64.ActiveCfg = RelWithDebInfo|x64
		{A8CE0B9E-57E3-3E2C-B3E1-4EE2E0919811}.RelWithDebInfo|x64.Build.0 = RelWithDebInfo|x64
		{248FE340-3ED2-3E69-9F59-86ACD39CC0F6}.Debug|x64.ActiveCfg = Debug|x64
		{248FE340-3ED2-3E69-9F59-86ACD39CC0F6}.Debug|x64.Build.0 = Debug|x64
		{248FE340-3ED2-3E69-9F59-86ACD39CC0F6}.Release|x64.ActiveCfg = Release|x64
		{248FE340-3ED2-3E69-9F59-86ACD39CC0F6}.Release|x64.Build.0 = Release|x64
		{248FE340-3ED2-3E69-9F59-86ACD39CC0F6}.MinSizeRel|x64.ActiveCfg = MinSizeRel|x64
		{248FE340-3ED2-3E69-9F59-86ACD39CC0F6}.MinSizeRel|x64.Build.0 = MinSizeRel|x64
		{248FE340-3ED2-3E69-9F59-86ACD39CC0F6}.RelWithDebInfo|x64.ActiveCfg = RelWithDebInfo|x64
		{248FE340-3ED2-3E69-9F59-86ACD39CC0F6}.RelWithDebInfo|x64.Build.0 = RelWithDebInfo|x64
	EndGlobalSection
	GlobalSection(ExtensibilityGlobals) = postSolution
		SolutionGuid = {5D29AF7F-A8D3-34A4-AF14-D39F7F7FC99D}
	EndGlobalSection
	GlobalSection(ExtensibilityAddIns) = postSolution
	EndGlobalSection
EndGlobal
