<?xml version="1.0" encoding="utf-8"?>
<Project ToolsVersion="4.0" xmlns="http://schemas.microsoft.com/developer/msbuild/2003">
  <ItemGroup>
    <ClCompile Include="dllmain.cpp" />
    <ClCompile Include="KFLoginGameManage.cpp" />
    <ClCompile Include="KFLoginWorldModule.cpp" />
    <ClCompile Include="KFLoginWorldPlugin.cpp" />
    <ClCompile Include="KFLoginProxyManage.cpp" />
  </ItemGroup>
  <ItemGroup>
    <ClInclude Include="KFLoginGameManage.h" />
    <ClInclude Include="KFLoginWorldInterface.h" />
    <ClInclude Include="KFLoginWorldModule.h" />
    <ClInclude Include="KFLoginWorldPlugin.h" />
    <ClInclude Include="KFLoginProxyManage.h" />
  </ItemGroup>
</Project>