<?xml version="1.0" encoding="utf-8"?>
<Project ToolsVersion="4.0" xmlns="http://schemas.microsoft.com/developer/msbuild/2003">
  <ItemGroup>
    <ClCompile Include="dllmain.cpp" />
    <ClCompile Include="KFActivityConfig.cpp" />
    <ClCompile Include="KFActivityPlugin.cpp" />
    <ClCompile Include="KFActivityModule.cpp" />
  </ItemGroup>
  <ItemGroup>
    <ClInclude Include="KFActivityInterface.h" />
    <ClInclude Include="KFActivityConfig.hpp" />
    <ClInclude Include="KFActivityModule.hpp" />
    <ClInclude Include="KFActivityPlugin.hpp" />
  </ItemGroup>
</Project>