<?xml version="1.0" encoding="utf-8"?>
<Project ToolsVersion="4.0" xmlns="http://schemas.microsoft.com/developer/msbuild/2003">
  <ItemGroup>
    <ClCompile Include="dllmain.cpp" />
    <ClCompile Include="KFRelationShardModule.cpp" />
    <ClCompile Include="KFRelationShardPlugin.cpp" />
    <ClCompile Include="KFRelationShardConfig.cpp" />
  </ItemGroup>
  <ItemGroup>
    <ClInclude Include="KFRelationShardInterface.h" />
    <ClInclude Include="KFRelationShardModule.hpp" />
    <ClInclude Include="KFRelationShardPlugin.hpp" />
    <ClInclude Include="KFRelationShardConfig.hpp" />
  </ItemGroup>
</Project>