<?xml version="1.0" encoding="utf-8"?>
<Project ToolsVersion="4.0" xmlns="http://schemas.microsoft.com/developer/msbuild/2003">
  <ItemGroup>
    <ClCompile Include="dllmain.cpp" />
    <ClCompile Include="KFTaskPlugin.cpp" />
    <ClCompile Include="KFTaskChainModule.cpp">
      <Filter>Chain</Filter>
    </ClCompile>
    <ClCompile Include="KFTaskModule.cpp">
      <Filter>Task</Filter>
    </ClCompile>
    <ClCompile Include="KFTaskRefreshModule.cpp">
      <Filter>Refresh</Filter>
    </ClCompile>
  </ItemGroup>
  <ItemGroup>
    <ClInclude Include="KFTaskPlugin.hpp" />
    <ClInclude Include="KFTaskChainInterface.h">
      <Filter>Chain</Filter>
    </ClInclude>
    <ClInclude Include="KFTaskChainModule.hpp">
      <Filter>Chain</Filter>
    </ClInclude>
    <ClInclude Include="KFTaskInterface.h">
      <Filter>Task</Filter>
    </ClInclude>
    <ClInclude Include="KFTaskModule.hpp">
      <Filter>Task</Filter>
    </ClInclude>
    <ClInclude Include="KFTaskRefreshInterface.h">
      <Filter>Refresh</Filter>
    </ClInclude>
    <ClInclude Include="KFTaskRefreshModule.hpp">
      <Filter>Refresh</Filter>
    </ClInclude>
    <ClInclude Include="..\..\KFResource\KFXmlReader\KFTaskChainConfig.hpp">
      <Filter>Chain</Filter>
    </ClInclude>
    <ClInclude Include="..\..\KFResource\KFXmlReader\KFTaskRefreshConfig.hpp">
      <Filter>Refresh</Filter>
    </ClInclude>
    <ClInclude Include="..\..\KFResource\KFXmlReader\KFTaskConfig.h">
      <Filter>Task</Filter>
    </ClInclude>
  </ItemGroup>
  <ItemGroup>
    <Filter Include="Task">
      <UniqueIdentifier>{cbc33b61-e6e4-4a12-bfe7-2e501e2c89de}</UniqueIdentifier>
    </Filter>
    <Filter Include="Chain">
      <UniqueIdentifier>{fa3949e1-cfd0-48eb-a4d3-631ddf1b60d1}</UniqueIdentifier>
    </Filter>
    <Filter Include="Refresh">
      <UniqueIdentifier>{6793f8bf-023c-40f2-a5da-dd165c65b23e}</UniqueIdentifier>
    </Filter>
  </ItemGroup>
</Project>