<?xml version="1.0" encoding="utf-8"?>
<Project ToolsVersion="4.0" xmlns="http://schemas.microsoft.com/developer/msbuild/2003">
  <ItemGroup>
    <ClCompile Include="dllmain.cpp" />
    <ClCompile Include="KFAttributeModule.cpp" />
    <ClCompile Include="KFAttributePlugin.cpp" />
  </ItemGroup>
  <ItemGroup>
    <ClInclude Include="KFAttributeInterface.h" />
    <ClInclude Include="KFAttributeModule.hpp" />
    <ClInclude Include="KFAttributePlugin.hpp" />
  </ItemGroup>
</Project>