
Microsoft Visual Studio Solution File, Format Version 12.00
# Visual Studio 15
VisualStudioVersion = 15.0.27130.2010
MinimumVisualStudioVersion = 10.0.40219.1
Project("{8BC9CEB8-8B4A-11D0-8D11-00A0C91BC942}") = "apr", "apr.vcxproj", "{47246665-DB00-4B20-81D0-7EEA50907839}"
EndProject
Project("{8BC9CEB8-8B4A-11D0-8D11-00A0C91BC942}") = "aprapp", "build\aprapp.vcxproj", "{0FA03214-C52B-42E3-872F-D68DFA8326FF}"
EndProject
Project("{8BC9CEB8-8B4A-11D0-8D11-00A0C91BC942}") = "libapr", "libapr.vcxproj", "{C8C43451-F1DA-4CCF-AA17-8CABDC7D06CC}"
EndProject
Project("{8BC9CEB8-8B4A-11D0-8D11-00A0C91BC942}") = "libaprapp", "build\libaprapp.vcxproj", "{51029E6F-611C-4450-8F12-5DE5A7ED845B}"
EndProject
Project("{8BC9CEB8-8B4A-11D0-8D11-00A0C91BC942}") = "preaprapp", "build\preaprapp.vcxproj", "{EA477A43-1165-4E13-969B-304981672B33}"
EndProject
Project("{8BC9CEB8-8B4A-11D0-8D11-00A0C91BC942}") = "prelibaprapp", "build\prelibaprapp.vcxproj", "{E6E6BAF6-DC42-47C0-9B0A-E575DF796359}"
EndProject
Global
	GlobalSection(SolutionConfigurationPlatforms) = preSolution
		Debug|x64 = Debug|x64
		Debug|x86 = Debug|x86
		Debug9x|x64 = Debug9x|x64
		Debug9x|x86 = Debug9x|x86
		Release|x64 = Release|x64
		Release|x86 = Release|x86
		Release9x|x64 = Release9x|x64
		Release9x|x86 = Release9x|x86
		Template|x64 = Template|x64
		Template|x86 = Template|x86
	EndGlobalSection
	GlobalSection(ProjectConfigurationPlatforms) = postSolution
		{47246665-DB00-4B20-81D0-7EEA50907839}.Debug|x64.ActiveCfg = Debug|x64
		{47246665-DB00-4B20-81D0-7EEA50907839}.Debug|x64.Build.0 = Debug|x64
		{47246665-DB00-4B20-81D0-7EEA50907839}.Debug|x86.ActiveCfg = Debug|Win32
		{47246665-DB00-4B20-81D0-7EEA50907839}.Debug|x86.Build.0 = Debug|Win32
		{47246665-DB00-4B20-81D0-7EEA50907839}.Debug9x|x64.ActiveCfg = Debug|x64
		{47246665-DB00-4B20-81D0-7EEA50907839}.Debug9x|x64.Build.0 = Debug|x64
		{47246665-DB00-4B20-81D0-7EEA50907839}.Debug9x|x86.ActiveCfg = Debug|Win32
		{47246665-DB00-4B20-81D0-7EEA50907839}.Debug9x|x86.Build.0 = Debug|Win32
		{47246665-DB00-4B20-81D0-7EEA50907839}.Release|x64.ActiveCfg = Release|x64
		{47246665-DB00-4B20-81D0-7EEA50907839}.Release|x64.Build.0 = Release|x64
		{47246665-DB00-4B20-81D0-7EEA50907839}.Release|x86.ActiveCfg = Release|Win32
		{47246665-DB00-4B20-81D0-7EEA50907839}.Release|x86.Build.0 = Release|Win32
		{47246665-DB00-4B20-81D0-7EEA50907839}.Release9x|x64.ActiveCfg = Release|x64
		{47246665-DB00-4B20-81D0-7EEA50907839}.Release9x|x64.Build.0 = Release|x64
		{47246665-DB00-4B20-81D0-7EEA50907839}.Release9x|x86.ActiveCfg = Release|Win32
		{47246665-DB00-4B20-81D0-7EEA50907839}.Release9x|x86.Build.0 = Release|Win32
		{47246665-DB00-4B20-81D0-7EEA50907839}.Template|x64.ActiveCfg = Release|x64
		{47246665-DB00-4B20-81D0-7EEA50907839}.Template|x64.Build.0 = Release|x64
		{47246665-DB00-4B20-81D0-7EEA50907839}.Template|x86.ActiveCfg = Release|Win32
		{47246665-DB00-4B20-81D0-7EEA50907839}.Template|x86.Build.0 = Release|Win32
		{0FA03214-C52B-42E3-872F-D68DFA8326FF}.Debug|x64.ActiveCfg = Debug|x64
		{0FA03214-C52B-42E3-872F-D68DFA8326FF}.Debug|x64.Build.0 = Debug|x64
		{0FA03214-C52B-42E3-872F-D68DFA8326FF}.Debug|x86.ActiveCfg = Debug|Win32
		{0FA03214-C52B-42E3-872F-D68DFA8326FF}.Debug|x86.Build.0 = Debug|Win32
		{0FA03214-C52B-42E3-872F-D68DFA8326FF}.Debug9x|x64.ActiveCfg = Debug9x|x64
		{0FA03214-C52B-42E3-872F-D68DFA8326FF}.Debug9x|x64.Build.0 = Debug9x|x64
		{0FA03214-C52B-42E3-872F-D68DFA8326FF}.Debug9x|x86.ActiveCfg = Debug9x|Win32
		{0FA03214-C52B-42E3-872F-D68DFA8326FF}.Debug9x|x86.Build.0 = Debug9x|Win32
		{0FA03214-C52B-42E3-872F-D68DFA8326FF}.Release|x64.ActiveCfg = Release|x64
		{0FA03214-C52B-42E3-872F-D68DFA8326FF}.Release|x64.Build.0 = Release|x64
		{0FA03214-C52B-42E3-872F-D68DFA8326FF}.Release|x86.ActiveCfg = Release|Win32
		{0FA03214-C52B-42E3-872F-D68DFA8326FF}.Release|x86.Build.0 = Release|Win32
		{0FA03214-C52B-42E3-872F-D68DFA8326FF}.Release9x|x64.ActiveCfg = Release9x|x64
		{0FA03214-C52B-42E3-872F-D68DFA8326FF}.Release9x|x64.Build.0 = Release9x|x64
		{0FA03214-C52B-42E3-872F-D68DFA8326FF}.Release9x|x86.ActiveCfg = Release9x|Win32
		{0FA03214-C52B-42E3-872F-D68DFA8326FF}.Release9x|x86.Build.0 = Release9x|Win32
		{0FA03214-C52B-42E3-872F-D68DFA8326FF}.Template|x64.ActiveCfg = Template|x64
		{0FA03214-C52B-42E3-872F-D68DFA8326FF}.Template|x64.Build.0 = Template|x64
		{0FA03214-C52B-42E3-872F-D68DFA8326FF}.Template|x86.ActiveCfg = Template|Win32
		{0FA03214-C52B-42E3-872F-D68DFA8326FF}.Template|x86.Build.0 = Template|Win32
		{C8C43451-F1DA-4CCF-AA17-8CABDC7D06CC}.Debug|x64.ActiveCfg = Debug|x64
		{C8C43451-F1DA-4CCF-AA17-8CABDC7D06CC}.Debug|x64.Build.0 = Debug|x64
		{C8C43451-F1DA-4CCF-AA17-8CABDC7D06CC}.Debug|x86.ActiveCfg = Debug|Win32
		{C8C43451-F1DA-4CCF-AA17-8CABDC7D06CC}.Debug|x86.Build.0 = Debug|Win32
		{C8C43451-F1DA-4CCF-AA17-8CABDC7D06CC}.Debug9x|x64.ActiveCfg = Debug|x64
		{C8C43451-F1DA-4CCF-AA17-8CABDC7D06CC}.Debug9x|x64.Build.0 = Debug|x64
		{C8C43451-F1DA-4CCF-AA17-8CABDC7D06CC}.Debug9x|x86.ActiveCfg = Debug|Win32
		{C8C43451-F1DA-4CCF-AA17-8CABDC7D06CC}.Debug9x|x86.Build.0 = Debug|Win32
		{C8C43451-F1DA-4CCF-AA17-8CABDC7D06CC}.Release|x64.ActiveCfg = Release|x64
		{C8C43451-F1DA-4CCF-AA17-8CABDC7D06CC}.Release|x64.Build.0 = Release|x64
		{C8C43451-F1DA-4CCF-AA17-8CABDC7D06CC}.Release|x86.ActiveCfg = Release|Win32
		{C8C43451-F1DA-4CCF-AA17-8CABDC7D06CC}.Release|x86.Build.0 = Release|Win32
		{C8C43451-F1DA-4CCF-AA17-8CABDC7D06CC}.Release9x|x64.ActiveCfg = Release|x64
		{C8C43451-F1DA-4CCF-AA17-8CABDC7D06CC}.Release9x|x64.Build.0 = Release|x64
		{C8C43451-F1DA-4CCF-AA17-8CABDC7D06CC}.Release9x|x86.ActiveCfg = Release|Win32
		{C8C43451-F1DA-4CCF-AA17-8CABDC7D06CC}.Release9x|x86.Build.0 = Release|Win32
		{C8C43451-F1DA-4CCF-AA17-8CABDC7D06CC}.Template|x64.ActiveCfg = Template|x64
		{C8C43451-F1DA-4CCF-AA17-8CABDC7D06CC}.Template|x64.Build.0 = Template|x64
		{C8C43451-F1DA-4CCF-AA17-8CABDC7D06CC}.Template|x86.ActiveCfg = Template|Win32
		{C8C43451-F1DA-4CCF-AA17-8CABDC7D06CC}.Template|x86.Build.0 = Template|Win32
		{51029E6F-611C-4450-8F12-5DE5A7ED845B}.Debug|x64.ActiveCfg = Debug|x64
		{51029E6F-611C-4450-8F12-5DE5A7ED845B}.Debug|x64.Build.0 = Debug|x64
		{51029E6F-611C-4450-8F12-5DE5A7ED845B}.Debug|x86.ActiveCfg = Debug|Win32
		{51029E6F-611C-4450-8F12-5DE5A7ED845B}.Debug|x86.Build.0 = Debug|Win32
		{51029E6F-611C-4450-8F12-5DE5A7ED845B}.Debug9x|x64.ActiveCfg = Debug9x|x64
		{51029E6F-611C-4450-8F12-5DE5A7ED845B}.Debug9x|x64.Build.0 = Debug9x|x64
		{51029E6F-611C-4450-8F12-5DE5A7ED845B}.Debug9x|x86.ActiveCfg = Debug9x|Win32
		{51029E6F-611C-4450-8F12-5DE5A7ED845B}.Debug9x|x86.Build.0 = Debug9x|Win32
		{51029E6F-611C-4450-8F12-5DE5A7ED845B}.Release|x64.ActiveCfg = Release|x64
		{51029E6F-611C-4450-8F12-5DE5A7ED845B}.Release|x64.Build.0 = Release|x64
		{51029E6F-611C-4450-8F12-5DE5A7ED845B}.Release|x86.ActiveCfg = Release|Win32
		{51029E6F-611C-4450-8F12-5DE5A7ED845B}.Release|x86.Build.0 = Release|Win32
		{51029E6F-611C-4450-8F12-5DE5A7ED845B}.Release9x|x64.ActiveCfg = Release9x|x64
		{51029E6F-611C-4450-8F12-5DE5A7ED845B}.Release9x|x64.Build.0 = Release9x|x64
		{51029E6F-611C-4450-8F12-5DE5A7ED845B}.Release9x|x86.ActiveCfg = Release9x|Win32
		{51029E6F-611C-4450-8F12-5DE5A7ED845B}.Release9x|x86.Build.0 = Release9x|Win32
		{51029E6F-611C-4450-8F12-5DE5A7ED845B}.Template|x64.ActiveCfg = Template|x64
		{51029E6F-611C-4450-8F12-5DE5A7ED845B}.Template|x64.Build.0 = Template|x64
		{51029E6F-611C-4450-8F12-5DE5A7ED845B}.Template|x86.ActiveCfg = Template|Win32
		{51029E6F-611C-4450-8F12-5DE5A7ED845B}.Template|x86.Build.0 = Template|Win32
		{EA477A43-1165-4E13-969B-304981672B33}.Debug|x64.ActiveCfg = Debug|x64
		{EA477A43-1165-4E13-969B-304981672B33}.Debug|x64.Build.0 = Debug|x64
		{EA477A43-1165-4E13-969B-304981672B33}.Debug|x86.ActiveCfg = Debug|Win32
		{EA477A43-1165-4E13-969B-304981672B33}.Debug|x86.Build.0 = Debug|Win32
		{EA477A43-1165-4E13-969B-304981672B33}.Debug9x|x64.ActiveCfg = Debug9x|x64
		{EA477A43-1165-4E13-969B-304981672B33}.Debug9x|x64.Build.0 = Debug9x|x64
		{EA477A43-1165-4E13-969B-304981672B33}.Debug9x|x86.ActiveCfg = Debug9x|Win32
		{EA477A43-1165-4E13-969B-304981672B33}.Debug9x|x86.Build.0 = Debug9x|Win32
		{EA477A43-1165-4E13-969B-304981672B33}.Release|x64.ActiveCfg = Release|x64
		{EA477A43-1165-4E13-969B-304981672B33}.Release|x64.Build.0 = Release|x64
		{EA477A43-1165-4E13-969B-304981672B33}.Release|x86.ActiveCfg = Release|Win32
		{EA477A43-1165-4E13-969B-304981672B33}.Release|x86.Build.0 = Release|Win32
		{EA477A43-1165-4E13-969B-304981672B33}.Release9x|x64.ActiveCfg = Release9x|x64
		{EA477A43-1165-4E13-969B-304981672B33}.Release9x|x64.Build.0 = Release9x|x64
		{EA477A43-1165-4E13-969B-304981672B33}.Release9x|x86.ActiveCfg = Release9x|Win32
		{EA477A43-1165-4E13-969B-304981672B33}.Release9x|x86.Build.0 = Release9x|Win32
		{EA477A43-1165-4E13-969B-304981672B33}.Template|x64.ActiveCfg = Template|x64
		{EA477A43-1165-4E13-969B-304981672B33}.Template|x64.Build.0 = Template|x64
		{EA477A43-1165-4E13-969B-304981672B33}.Template|x86.ActiveCfg = Template|Win32
		{EA477A43-1165-4E13-969B-304981672B33}.Template|x86.Build.0 = Template|Win32
		{E6E6BAF6-DC42-47C0-9B0A-E575DF796359}.Debug|x64.ActiveCfg = Debug|x64
		{E6E6BAF6-DC42-47C0-9B0A-E575DF796359}.Debug|x64.Build.0 = Debug|x64
		{E6E6BAF6-DC42-47C0-9B0A-E575DF796359}.Debug|x86.ActiveCfg = Debug|Win32
		{E6E6BAF6-DC42-47C0-9B0A-E575DF796359}.Debug|x86.Build.0 = Debug|Win32
		{E6E6BAF6-DC42-47C0-9B0A-E575DF796359}.Debug9x|x64.ActiveCfg = Debug9x|x64
		{E6E6BAF6-DC42-47C0-9B0A-E575DF796359}.Debug9x|x64.Build.0 = Debug9x|x64
		{E6E6BAF6-DC42-47C0-9B0A-E575DF796359}.Debug9x|x86.ActiveCfg = Debug9x|Win32
		{E6E6BAF6-DC42-47C0-9B0A-E575DF796359}.Debug9x|x86.Build.0 = Debug9x|Win32
		{E6E6BAF6-DC42-47C0-9B0A-E575DF796359}.Release|x64.ActiveCfg = Release|x64
		{E6E6BAF6-DC42-47C0-9B0A-E575DF796359}.Release|x64.Build.0 = Release|x64
		{E6E6BAF6-DC42-47C0-9B0A-E575DF796359}.Release|x86.ActiveCfg = Release|Win32
		{E6E6BAF6-DC42-47C0-9B0A-E575DF796359}.Release|x86.Build.0 = Release|Win32
		{E6E6BAF6-DC42-47C0-9B0A-E575DF796359}.Release9x|x64.ActiveCfg = Release9x|x64
		{E6E6BAF6-DC42-47C0-9B0A-E575DF796359}.Release9x|x64.Build.0 = Release9x|x64
		{E6E6BAF6-DC42-47C0-9B0A-E575DF796359}.Release9x|x86.ActiveCfg = Release9x|Win32
		{E6E6BAF6-DC42-47C0-9B0A-E575DF796359}.Release9x|x86.Build.0 = Release9x|Win32
		{E6E6BAF6-DC42-47C0-9B0A-E575DF796359}.Template|x64.ActiveCfg = Template|x64
		{E6E6BAF6-DC42-47C0-9B0A-E575DF796359}.Template|x64.Build.0 = Template|x64
		{E6E6BAF6-DC42-47C0-9B0A-E575DF796359}.Template|x86.ActiveCfg = Template|Win32
		{E6E6BAF6-DC42-47C0-9B0A-E575DF796359}.Template|x86.Build.0 = Template|Win32
	EndGlobalSection
	GlobalSection(SolutionProperties) = preSolution
		HideSolutionNode = FALSE
	EndGlobalSection
	GlobalSection(ExtensibilityGlobals) = postSolution
		SolutionGuid = {2106E0EE-16CD-4388-B799-C1B6C2049A34}
	EndGlobalSection
EndGlobal
