<?xml version="1.0" encoding="utf-8"?>
<Project ToolsVersion="4.0" xmlns="http://schemas.microsoft.com/developer/msbuild/2003">
  <ItemGroup>
    <ClCompile Include="dllmain.cpp" />
    <ClCompile Include="KFUnlockModule.cpp" />
    <ClCompile Include="KFUnlockPlugin.cpp" />
  </ItemGroup>
  <ItemGroup>
    <ClInclude Include="KFUnlockInterface.h" />
    <ClInclude Include="KFUnlockModule.hpp" />
    <ClInclude Include="KFUnlockPlugin.hpp" />
    <ClInclude Include="..\..\KFResource\KFXmlReader\KFUnlockConfig.hpp" />
  </ItemGroup>
</Project>