<?xml version="1.0" encoding="utf-8"?>
<Project ToolsVersion="4.0" xmlns="http://schemas.microsoft.com/developer/msbuild/2003">
  <ItemGroup>
    <ClCompile Include="dllmain.cpp" />
    <ClCompile Include="KFPlatformConfig.cpp" />
    <ClCompile Include="KFPlatformModule.cpp" />
    <ClCompile Include="KFPlatformPlugin.cpp" />
    <ClCompile Include="KFZoneManage.cpp" />
  </ItemGroup>
  <ItemGroup>
    <ClInclude Include="KFPlatformConfig.h" />
    <ClInclude Include="KFPlatformInterface.h" />
    <ClInclude Include="KFPlatformModule.h" />
    <ClInclude Include="KFPlatformPlugin.h" />
    <ClInclude Include="KFZoneManage.h" />
  </ItemGroup>
</Project>