<?xml version="1.0" encoding="utf-8"?>
<Project ToolsVersion="4.0" xmlns="http://schemas.microsoft.com/developer/msbuild/2003">
  <ItemGroup>
    <Filter Include="MFC">
      <UniqueIdentifier>{d6c1f0c9-f5ea-42dc-a6ae-c2e23ff8ad55}</UniqueIdentifier>
    </Filter>
    <Filter Include="Resource">
      <UniqueIdentifier>{67DA6AB6-F800-4c08-8B7A-83BB121AAD01}</UniqueIdentifier>
      <Extensions>rc;ico;cur;bmp;dlg;rc2;rct;bin;rgs;gif;jpg;jpeg;jpe;resx;tiff;tif;png;wav;mfcribbon-ms</Extensions>
    </Filter>
    <Filter Include="Logic">
      <UniqueIdentifier>{739a3d69-efe1-4038-a835-88e2b82ed8c4}</UniqueIdentifier>
    </Filter>
  </ItemGroup>
  <ItemGroup>
    <ClInclude Include="KFResource.h">
      <Filter>MFC</Filter>
    </ClInclude>
    <ClInclude Include="KFResourceDlg.h">
      <Filter>MFC</Filter>
    </ClInclude>
    <ClInclude Include="Resource.h">
      <Filter>MFC</Filter>
    </ClInclude>
    <ClInclude Include="stdafx.h">
      <Filter>MFC</Filter>
    </ClInclude>
    <ClInclude Include="targetver.h">
      <Filter>MFC</Filter>
    </ClInclude>
    <ClInclude Include="KFResourceData.h">
      <Filter>Logic</Filter>
    </ClInclude>
    <ClInclude Include="KFResourceDefine.h">
      <Filter>Logic</Filter>
    </ClInclude>
    <ClInclude Include="KFResourceConfig.h">
      <Filter>Logic</Filter>
    </ClInclude>
    <ClInclude Include="KFFile.h">
      <Filter>Logic</Filter>
    </ClInclude>
    <ClInclude Include="KFParse.h">
      <Filter>Logic</Filter>
    </ClInclude>
  </ItemGroup>
  <ItemGroup>
    <ClCompile Include="KFResource.cpp">
      <Filter>MFC</Filter>
    </ClCompile>
    <ClCompile Include="KFResourceDlg.cpp">
      <Filter>MFC</Filter>
    </ClCompile>
    <ClCompile Include="stdafx.cpp">
      <Filter>MFC</Filter>
    </ClCompile>
    <ClCompile Include="KFResourceConfig.cpp">
      <Filter>Logic</Filter>
    </ClCompile>
    <ClCompile Include="KFFile.cpp">
      <Filter>Logic</Filter>
    </ClCompile>
    <ClCompile Include="KFParse.cpp">
      <Filter>Logic</Filter>
    </ClCompile>
  </ItemGroup>
  <ItemGroup>
    <ResourceCompile Include="KFResource.rc">
      <Filter>Resource</Filter>
    </ResourceCompile>
  </ItemGroup>
  <ItemGroup>
    <None Include="res\KFResource.rc2">
      <Filter>Resource</Filter>
    </None>
  </ItemGroup>
  <ItemGroup>
    <Image Include="res\KFResource.ico">
      <Filter>Resource</Filter>
    </Image>
  </ItemGroup>
</Project>