Microsoft Visual Studio Solution File, Format Version 12.00
# Visual Studio 15
Project("{8BC9CEB8-8B4A-11D0-8D11-00A0C91BC942}") = "ALL_BUILD", "ALL_BUILD.vcxproj", "{48F175A6-1B9E-3639-95EB-A76C70159913}"
	ProjectSection(ProjectDependencies) = postProject
		{A3EACC47-B15C-3BD9-BC16-3F4489DBEB86} = {A3EACC47-B15C-3BD9-BC16-3F4489DBEB86}
		{A64E5AEE-E80E-39DC-B7A9-8EFEAF1614F5} = {A64E5AEE-E80E-39DC-B7A9-8EFEAF1614F5}
		{D037C4BA-349D-3FCD-A39B-E3DB18E4BE17} = {D037C4BA-349D-3FCD-A39B-E3DB18E4BE17}
		{FCF4AFC1-490A-3290-8228-E3695E457800} = {FCF4AFC1-490A-3290-8228-E3695E457800}
		{B1983149-C86F-33A7-BABE-E47CB262CD68} = {B1983149-C86F-33A7-BABE-E47CB262CD68}
		{719ED33C-BEEA-35B7-B0EB-389E7A52B178} = {719ED33C-BEEA-35B7-B0EB-389E7A52B178}
		{DB7F83AF-1904-342F-97BA-0C679BD46A6C} = {DB7F83AF-1904-342F-97BA-0C679BD46A6C}
		{7062E5F9-19FE-335D-B084-8C6496E03371} = {7062E5F9-19FE-335D-B084-8C6496E03371}
		{689EEB04-6839-3209-99AD-7BB53624714E} = {689EEB04-6839-3209-99AD-7BB53624714E}
		{BCC26977-DCFC-3968-AE62-138C7F24A98A} = {BCC26977-DCFC-3968-AE62-138C7F24A98A}
		{9911FDC1-CB77-3490-9599-5CA35BC8B0EE} = {9911FDC1-CB77-3490-9599-5CA35BC8B0EE}
	EndProjectSection
EndProject
Project("{8BC9CEB8-8B4A-11D0-8D11-00A0C91BC942}") = "INSTALL", "INSTALL.vcxproj", "{E1B1F384-9104-3B0E-9957-7D499076DB06}"
	ProjectSection(ProjectDependencies) = postProject
		{48F175A6-1B9E-3639-95EB-A76C70159913} = {48F175A6-1B9E-3639-95EB-A76C70159913}
		{A3EACC47-B15C-3BD9-BC16-3F4489DBEB86} = {A3EACC47-B15C-3BD9-BC16-3F4489DBEB86}
	EndProjectSection
EndProject
Project("{8BC9CEB8-8B4A-11D0-8D11-00A0C91BC942}") = "ZERO_CHECK", "ZERO_CHECK.vcxproj", "{A3EACC47-B15C-3BD9-BC16-3F4489DBEB86}"
	ProjectSection(ProjectDependencies) = postProject
	EndProjectSection
EndProject
Project("{8BC9CEB8-8B4A-11D0-8D11-00A0C91BC942}") = "check", "check.vcxproj", "{FE52AFD8-8878-3566-9003-F26AC00DF8F0}"
	ProjectSection(ProjectDependencies) = postProject
		{A3EACC47-B15C-3BD9-BC16-3F4489DBEB86} = {A3EACC47-B15C-3BD9-BC16-3F4489DBEB86}
		{BCC26977-DCFC-3968-AE62-138C7F24A98A} = {BCC26977-DCFC-3968-AE62-138C7F24A98A}
		{9911FDC1-CB77-3490-9599-5CA35BC8B0EE} = {9911FDC1-CB77-3490-9599-5CA35BC8B0EE}
	EndProjectSection
EndProject
Project("{8BC9CEB8-8B4A-11D0-8D11-00A0C91BC942}") = "gmock", "gmock.vcxproj", "{A64E5AEE-E80E-39DC-B7A9-8EFEAF1614F5}"
	ProjectSection(ProjectDependencies) = postProject
		{A3EACC47-B15C-3BD9-BC16-3F4489DBEB86} = {A3EACC47-B15C-3BD9-BC16-3F4489DBEB86}
	EndProjectSection
EndProject
Project("{8BC9CEB8-8B4A-11D0-8D11-00A0C91BC942}") = "gmock_main", "gmock_main.vcxproj", "{D037C4BA-349D-3FCD-A39B-E3DB18E4BE17}"
	ProjectSection(ProjectDependencies) = postProject
		{A3EACC47-B15C-3BD9-BC16-3F4489DBEB86} = {A3EACC47-B15C-3BD9-BC16-3F4489DBEB86}
		{A64E5AEE-E80E-39DC-B7A9-8EFEAF1614F5} = {A64E5AEE-E80E-39DC-B7A9-8EFEAF1614F5}
	EndProjectSection
EndProject
Project("{8BC9CEB8-8B4A-11D0-8D11-00A0C91BC942}") = "libprotobuf", "libprotobuf.vcxproj", "{FCF4AFC1-490A-3290-8228-E3695E457800}"
	ProjectSection(ProjectDependencies) = postProject
		{A3EACC47-B15C-3BD9-BC16-3F4489DBEB86} = {A3EACC47-B15C-3BD9-BC16-3F4489DBEB86}
	EndProjectSection
EndProject
Project("{8BC9CEB8-8B4A-11D0-8D11-00A0C91BC942}") = "libprotobuf-lite", "libprotobuf-lite.vcxproj", "{B1983149-C86F-33A7-BABE-E47CB262CD68}"
	ProjectSection(ProjectDependencies) = postProject
		{A3EACC47-B15C-3BD9-BC16-3F4489DBEB86} = {A3EACC47-B15C-3BD9-BC16-3F4489DBEB86}
	EndProjectSection
EndProject
Project("{8BC9CEB8-8B4A-11D0-8D11-00A0C91BC942}") = "libprotoc", "libprotoc.vcxproj", "{719ED33C-BEEA-35B7-B0EB-389E7A52B178}"
	ProjectSection(ProjectDependencies) = postProject
		{A3EACC47-B15C-3BD9-BC16-3F4489DBEB86} = {A3EACC47-B15C-3BD9-BC16-3F4489DBEB86}
		{FCF4AFC1-490A-3290-8228-E3695E457800} = {FCF4AFC1-490A-3290-8228-E3695E457800}
	EndProjectSection
EndProject
Project("{8BC9CEB8-8B4A-11D0-8D11-00A0C91BC942}") = "lite-arena-test", "lite-arena-test.vcxproj", "{DB7F83AF-1904-342F-97BA-0C679BD46A6C}"
	ProjectSection(ProjectDependencies) = postProject
		{A3EACC47-B15C-3BD9-BC16-3F4489DBEB86} = {A3EACC47-B15C-3BD9-BC16-3F4489DBEB86}
		{A64E5AEE-E80E-39DC-B7A9-8EFEAF1614F5} = {A64E5AEE-E80E-39DC-B7A9-8EFEAF1614F5}
		{D037C4BA-349D-3FCD-A39B-E3DB18E4BE17} = {D037C4BA-349D-3FCD-A39B-E3DB18E4BE17}
		{B1983149-C86F-33A7-BABE-E47CB262CD68} = {B1983149-C86F-33A7-BABE-E47CB262CD68}
		{689EEB04-6839-3209-99AD-7BB53624714E} = {689EEB04-6839-3209-99AD-7BB53624714E}
	EndProjectSection
EndProject
Project("{8BC9CEB8-8B4A-11D0-8D11-00A0C91BC942}") = "lite-test", "lite-test.vcxproj", "{7062E5F9-19FE-335D-B084-8C6496E03371}"
	ProjectSection(ProjectDependencies) = postProject
		{A3EACC47-B15C-3BD9-BC16-3F4489DBEB86} = {A3EACC47-B15C-3BD9-BC16-3F4489DBEB86}
		{A64E5AEE-E80E-39DC-B7A9-8EFEAF1614F5} = {A64E5AEE-E80E-39DC-B7A9-8EFEAF1614F5}
		{D037C4BA-349D-3FCD-A39B-E3DB18E4BE17} = {D037C4BA-349D-3FCD-A39B-E3DB18E4BE17}
		{B1983149-C86F-33A7-BABE-E47CB262CD68} = {B1983149-C86F-33A7-BABE-E47CB262CD68}
		{689EEB04-6839-3209-99AD-7BB53624714E} = {689EEB04-6839-3209-99AD-7BB53624714E}
	EndProjectSection
EndProject
Project("{8BC9CEB8-8B4A-11D0-8D11-00A0C91BC942}") = "protoc", "protoc.vcxproj", "{689EEB04-6839-3209-99AD-7BB53624714E}"
	ProjectSection(ProjectDependencies) = postProject
		{A3EACC47-B15C-3BD9-BC16-3F4489DBEB86} = {A3EACC47-B15C-3BD9-BC16-3F4489DBEB86}
		{FCF4AFC1-490A-3290-8228-E3695E457800} = {FCF4AFC1-490A-3290-8228-E3695E457800}
		{719ED33C-BEEA-35B7-B0EB-389E7A52B178} = {719ED33C-BEEA-35B7-B0EB-389E7A52B178}
	EndProjectSection
EndProject
Project("{8BC9CEB8-8B4A-11D0-8D11-00A0C91BC942}") = "test_plugin", "test_plugin.vcxproj", "{BCC26977-DCFC-3968-AE62-138C7F24A98A}"
	ProjectSection(ProjectDependencies) = postProject
		{A3EACC47-B15C-3BD9-BC16-3F4489DBEB86} = {A3EACC47-B15C-3BD9-BC16-3F4489DBEB86}
		{A64E5AEE-E80E-39DC-B7A9-8EFEAF1614F5} = {A64E5AEE-E80E-39DC-B7A9-8EFEAF1614F5}
		{FCF4AFC1-490A-3290-8228-E3695E457800} = {FCF4AFC1-490A-3290-8228-E3695E457800}
		{719ED33C-BEEA-35B7-B0EB-389E7A52B178} = {719ED33C-BEEA-35B7-B0EB-389E7A52B178}
	EndProjectSection
EndProject
Project("{8BC9CEB8-8B4A-11D0-8D11-00A0C91BC942}") = "tests", "tests.vcxproj", "{9911FDC1-CB77-3490-9599-5CA35BC8B0EE}"
	ProjectSection(ProjectDependencies) = postProject
		{A3EACC47-B15C-3BD9-BC16-3F4489DBEB86} = {A3EACC47-B15C-3BD9-BC16-3F4489DBEB86}
		{A64E5AEE-E80E-39DC-B7A9-8EFEAF1614F5} = {A64E5AEE-E80E-39DC-B7A9-8EFEAF1614F5}
		{D037C4BA-349D-3FCD-A39B-E3DB18E4BE17} = {D037C4BA-349D-3FCD-A39B-E3DB18E4BE17}
		{FCF4AFC1-490A-3290-8228-E3695E457800} = {FCF4AFC1-490A-3290-8228-E3695E457800}
		{719ED33C-BEEA-35B7-B0EB-389E7A52B178} = {719ED33C-BEEA-35B7-B0EB-389E7A52B178}
		{689EEB04-6839-3209-99AD-7BB53624714E} = {689EEB04-6839-3209-99AD-7BB53624714E}
	EndProjectSection
EndProject
Global
	GlobalSection(SolutionConfigurationPlatforms) = preSolution
		Debug|x64 = Debug|x64
		Release|x64 = Release|x64
		MinSizeRel|x64 = MinSizeRel|x64
		RelWithDebInfo|x64 = RelWithDebInfo|x64
	EndGlobalSection
	GlobalSection(ProjectConfigurationPlatforms) = postSolution
		{48F175A6-1B9E-3639-95EB-A76C70159913}.Debug|x64.ActiveCfg = Debug|x64
		{48F175A6-1B9E-3639-95EB-A76C70159913}.Debug|x64.Build.0 = Debug|x64
		{48F175A6-1B9E-3639-95EB-A76C70159913}.Release|x64.ActiveCfg = Release|x64
		{48F175A6-1B9E-3639-95EB-A76C70159913}.Release|x64.Build.0 = Release|x64
		{48F175A6-1B9E-3639-95EB-A76C70159913}.MinSizeRel|x64.ActiveCfg = MinSizeRel|x64
		{48F175A6-1B9E-3639-95EB-A76C70159913}.MinSizeRel|x64.Build.0 = MinSizeRel|x64
		{48F175A6-1B9E-3639-95EB-A76C70159913}.RelWithDebInfo|x64.ActiveCfg = RelWithDebInfo|x64
		{48F175A6-1B9E-3639-95EB-A76C70159913}.RelWithDebInfo|x64.Build.0 = RelWithDebInfo|x64
		{E1B1F384-9104-3B0E-9957-7D499076DB06}.Debug|x64.ActiveCfg = Debug|x64
		{E1B1F384-9104-3B0E-9957-7D499076DB06}.Release|x64.ActiveCfg = Release|x64
		{E1B1F384-9104-3B0E-9957-7D499076DB06}.MinSizeRel|x64.ActiveCfg = MinSizeRel|x64
		{E1B1F384-9104-3B0E-9957-7D499076DB06}.RelWithDebInfo|x64.ActiveCfg = RelWithDebInfo|x64
		{A3EACC47-B15C-3BD9-BC16-3F4489DBEB86}.Debug|x64.ActiveCfg = Debug|x64
		{A3EACC47-B15C-3BD9-BC16-3F4489DBEB86}.Debug|x64.Build.0 = Debug|x64
		{A3EACC47-B15C-3BD9-BC16-3F4489DBEB86}.Release|x64.ActiveCfg = Release|x64
		{A3EACC47-B15C-3BD9-BC16-3F4489DBEB86}.Release|x64.Build.0 = Release|x64
		{A3EACC47-B15C-3BD9-BC16-3F4489DBEB86}.MinSizeRel|x64.ActiveCfg = MinSizeRel|x64
		{A3EACC47-B15C-3BD9-BC16-3F4489DBEB86}.MinSizeRel|x64.Build.0 = MinSizeRel|x64
		{A3EACC47-B15C-3BD9-BC16-3F4489DBEB86}.RelWithDebInfo|x64.ActiveCfg = RelWithDebInfo|x64
		{A3EACC47-B15C-3BD9-BC16-3F4489DBEB86}.RelWithDebInfo|x64.Build.0 = RelWithDebInfo|x64
		{FE52AFD8-8878-3566-9003-F26AC00DF8F0}.Debug|x64.ActiveCfg = Debug|x64
		{FE52AFD8-8878-3566-9003-F26AC00DF8F0}.Release|x64.ActiveCfg = Release|x64
		{FE52AFD8-8878-3566-9003-F26AC00DF8F0}.MinSizeRel|x64.ActiveCfg = MinSizeRel|x64
		{FE52AFD8-8878-3566-9003-F26AC00DF8F0}.RelWithDebInfo|x64.ActiveCfg = RelWithDebInfo|x64
		{A64E5AEE-E80E-39DC-B7A9-8EFEAF1614F5}.Debug|x64.ActiveCfg = Debug|x64
		{A64E5AEE-E80E-39DC-B7A9-8EFEAF1614F5}.Debug|x64.Build.0 = Debug|x64
		{A64E5AEE-E80E-39DC-B7A9-8EFEAF1614F5}.Release|x64.ActiveCfg = Release|x64
		{A64E5AEE-E80E-39DC-B7A9-8EFEAF1614F5}.Release|x64.Build.0 = Release|x64
		{A64E5AEE-E80E-39DC-B7A9-8EFEAF1614F5}.MinSizeRel|x64.ActiveCfg = MinSizeRel|x64
		{A64E5AEE-E80E-39DC-B7A9-8EFEAF1614F5}.MinSizeRel|x64.Build.0 = MinSizeRel|x64
		{A64E5AEE-E80E-39DC-B7A9-8EFEAF1614F5}.RelWithDebInfo|x64.ActiveCfg = RelWithDebInfo|x64
		{A64E5AEE-E80E-39DC-B7A9-8EFEAF1614F5}.RelWithDebInfo|x64.Build.0 = RelWithDebInfo|x64
		{D037C4BA-349D-3FCD-A39B-E3DB18E4BE17}.Debug|x64.ActiveCfg = Debug|x64
		{D037C4BA-349D-3FCD-A39B-E3DB18E4BE17}.Debug|x64.Build.0 = Debug|x64
		{D037C4BA-349D-3FCD-A39B-E3DB18E4BE17}.Release|x64.ActiveCfg = Release|x64
		{D037C4BA-349D-3FCD-A39B-E3DB18E4BE17}.Release|x64.Build.0 = Release|x64
		{D037C4BA-349D-3FCD-A39B-E3DB18E4BE17}.MinSizeRel|x64.ActiveCfg = MinSizeRel|x64
		{D037C4BA-349D-3FCD-A39B-E3DB18E4BE17}.MinSizeRel|x64.Build.0 = MinSizeRel|x64
		{D037C4BA-349D-3FCD-A39B-E3DB18E4BE17}.RelWithDebInfo|x64.ActiveCfg = RelWithDebInfo|x64
		{D037C4BA-349D-3FCD-A39B-E3DB18E4BE17}.RelWithDebInfo|x64.Build.0 = RelWithDebInfo|x64
		{FCF4AFC1-490A-3290-8228-E3695E457800}.Debug|x64.ActiveCfg = Debug|x64
		{FCF4AFC1-490A-3290-8228-E3695E457800}.Debug|x64.Build.0 = Debug|x64
		{FCF4AFC1-490A-3290-8228-E3695E457800}.Release|x64.ActiveCfg = Release|x64
		{FCF4AFC1-490A-3290-8228-E3695E457800}.Release|x64.Build.0 = Release|x64
		{FCF4AFC1-490A-3290-8228-E3695E457800}.MinSizeRel|x64.ActiveCfg = MinSizeRel|x64
		{FCF4AFC1-490A-3290-8228-E3695E457800}.MinSizeRel|x64.Build.0 = MinSizeRel|x64
		{FCF4AFC1-490A-3290-8228-E3695E457800}.RelWithDebInfo|x64.ActiveCfg = RelWithDebInfo|x64
		{FCF4AFC1-490A-3290-8228-E3695E457800}.RelWithDebInfo|x64.Build.0 = RelWithDebInfo|x64
		{B1983149-C86F-33A7-BABE-E47CB262CD68}.Debug|x64.ActiveCfg = Debug|x64
		{B1983149-C86F-33A7-BABE-E47CB262CD68}.Debug|x64.Build.0 = Debug|x64
		{B1983149-C86F-33A7-BABE-E47CB262CD68}.Release|x64.ActiveCfg = Release|x64
		{B1983149-C86F-33A7-BABE-E47CB262CD68}.Release|x64.Build.0 = Release|x64
		{B1983149-C86F-33A7-BABE-E47CB262CD68}.MinSizeRel|x64.ActiveCfg = MinSizeRel|x64
		{B1983149-C86F-33A7-BABE-E47CB262CD68}.MinSizeRel|x64.Build.0 = MinSizeRel|x64
		{B1983149-C86F-33A7-BABE-E47CB262CD68}.RelWithDebInfo|x64.ActiveCfg = RelWithDebInfo|x64
		{B1983149-C86F-33A7-BABE-E47CB262CD68}.RelWithDebInfo|x64.Build.0 = RelWithDebInfo|x64
		{719ED33C-BEEA-35B7-B0EB-389E7A52B178}.Debug|x64.ActiveCfg = Debug|x64
		{719ED33C-BEEA-35B7-B0EB-389E7A52B178}.Debug|x64.Build.0 = Debug|x64
		{719ED33C-BEEA-35B7-B0EB-389E7A52B178}.Release|x64.ActiveCfg = Release|x64
		{719ED33C-BEEA-35B7-B0EB-389E7A52B178}.Release|x64.Build.0 = Release|x64
		{719ED33C-BEEA-35B7-B0EB-389E7A52B178}.MinSizeRel|x64.ActiveCfg = MinSizeRel|x64
		{719ED33C-BEEA-35B7-B0EB-389E7A52B178}.MinSizeRel|x64.Build.0 = MinSizeRel|x64
		{719ED33C-BEEA-35B7-B0EB-389E7A52B178}.RelWithDebInfo|x64.ActiveCfg = RelWithDebInfo|x64
		{719ED33C-BEEA-35B7-B0EB-389E7A52B178}.RelWithDebInfo|x64.Build.0 = RelWithDebInfo|x64
		{DB7F83AF-1904-342F-97BA-0C679BD46A6C}.Debug|x64.ActiveCfg = Debug|x64
		{DB7F83AF-1904-342F-97BA-0C679BD46A6C}.Debug|x64.Build.0 = Debug|x64
		{DB7F83AF-1904-342F-97BA-0C679BD46A6C}.Release|x64.ActiveCfg = Release|x64
		{DB7F83AF-1904-342F-97BA-0C679BD46A6C}.Release|x64.Build.0 = Release|x64
		{DB7F83AF-1904-342F-97BA-0C679BD46A6C}.MinSizeRel|x64.ActiveCfg = MinSizeRel|x64
		{DB7F83AF-1904-342F-97BA-0C679BD46A6C}.MinSizeRel|x64.Build.0 = MinSizeRel|x64
		{DB7F83AF-1904-342F-97BA-0C679BD46A6C}.RelWithDebInfo|x64.ActiveCfg = RelWithDebInfo|x64
		{DB7F83AF-1904-342F-97BA-0C679BD46A6C}.RelWithDebInfo|x64.Build.0 = RelWithDebInfo|x64
		{7062E5F9-19FE-335D-B084-8C6496E03371}.Debug|x64.ActiveCfg = Debug|x64
		{7062E5F9-19FE-335D-B084-8C6496E03371}.Debug|x64.Build.0 = Debug|x64
		{7062E5F9-19FE-335D-B084-8C6496E03371}.Release|x64.ActiveCfg = Release|x64
		{7062E5F9-19FE-335D-B084-8C6496E03371}.Release|x64.Build.0 = Release|x64
		{7062E5F9-19FE-335D-B084-8C6496E03371}.MinSizeRel|x64.ActiveCfg = MinSizeRel|x64
		{7062E5F9-19FE-335D-B084-8C6496E03371}.MinSizeRel|x64.Build.0 = MinSizeRel|x64
		{7062E5F9-19FE-335D-B084-8C6496E03371}.RelWithDebInfo|x64.ActiveCfg = RelWithDebInfo|x64
		{7062E5F9-19FE-335D-B084-8C6496E03371}.RelWithDebInfo|x64.Build.0 = RelWithDebInfo|x64
		{689EEB04-6839-3209-99AD-7BB53624714E}.Debug|x64.ActiveCfg = Debug|x64
		{689EEB04-6839-3209-99AD-7BB53624714E}.Debug|x64.Build.0 = Debug|x64
		{689EEB04-6839-3209-99AD-7BB53624714E}.Release|x64.ActiveCfg = Release|x64
		{689EEB04-6839-3209-99AD-7BB53624714E}.Release|x64.Build.0 = Release|x64
		{689EEB04-6839-3209-99AD-7BB53624714E}.MinSizeRel|x64.ActiveCfg = MinSizeRel|x64
		{689EEB04-6839-3209-99AD-7BB53624714E}.MinSizeRel|x64.Build.0 = MinSizeRel|x64
		{689EEB04-6839-3209-99AD-7BB53624714E}.RelWithDebInfo|x64.ActiveCfg = RelWithDebInfo|x64
		{689EEB04-6839-3209-99AD-7BB53624714E}.RelWithDebInfo|x64.Build.0 = RelWithDebInfo|x64
		{BCC26977-DCFC-3968-AE62-138C7F24A98A}.Debug|x64.ActiveCfg = Debug|x64
		{BCC26977-DCFC-3968-AE62-138C7F24A98A}.Debug|x64.Build.0 = Debug|x64
		{BCC26977-DCFC-3968-AE62-138C7F24A98A}.Release|x64.ActiveCfg = Release|x64
		{BCC26977-DCFC-3968-AE62-138C7F24A98A}.Release|x64.Build.0 = Release|x64
		{BCC26977-DCFC-3968-AE62-138C7F24A98A}.MinSizeRel|x64.ActiveCfg = MinSizeRel|x64
		{BCC26977-DCFC-3968-AE62-138C7F24A98A}.MinSizeRel|x64.Build.0 = MinSizeRel|x64
		{BCC26977-DCFC-3968-AE62-138C7F24A98A}.RelWithDebInfo|x64.ActiveCfg = RelWithDebInfo|x64
		{BCC26977-DCFC-3968-AE62-138C7F24A98A}.RelWithDebInfo|x64.Build.0 = RelWithDebInfo|x64
		{9911FDC1-CB77-3490-9599-5CA35BC8B0EE}.Debug|x64.ActiveCfg = Debug|x64
		{9911FDC1-CB77-3490-9599-5CA35BC8B0EE}.Debug|x64.Build.0 = Debug|x64
		{9911FDC1-CB77-3490-9599-5CA35BC8B0EE}.Release|x64.ActiveCfg = Release|x64
		{9911FDC1-CB77-3490-9599-5CA35BC8B0EE}.Release|x64.Build.0 = Release|x64
		{9911FDC1-CB77-3490-9599-5CA35BC8B0EE}.MinSizeRel|x64.ActiveCfg = MinSizeRel|x64
		{9911FDC1-CB77-3490-9599-5CA35BC8B0EE}.MinSizeRel|x64.Build.0 = MinSizeRel|x64
		{9911FDC1-CB77-3490-9599-5CA35BC8B0EE}.RelWithDebInfo|x64.ActiveCfg = RelWithDebInfo|x64
		{9911FDC1-CB77-3490-9599-5CA35BC8B0EE}.RelWithDebInfo|x64.Build.0 = RelWithDebInfo|x64
	EndGlobalSection
	GlobalSection(ExtensibilityGlobals) = postSolution
		SolutionGuid = {4B65E547-3F14-37A5-8E74-0500A061069E}
	EndGlobalSection
	GlobalSection(ExtensibilityAddIns) = postSolution
	EndGlobalSection
EndGlobal
