<?xml version="1.0" encoding="utf-8"?>
<Project ToolsVersion="4.0" xmlns="http://schemas.microsoft.com/developer/msbuild/2003">
  <ItemGroup>
    <Filter Include="Source Files">
      <UniqueIdentifier>{9f48a63f-fb8a-477d-9759-ed70d28f63ff}</UniqueIdentifier>
      <Extensions>cpp;c;cxx;rc;def;r;odl;idl;hpj;bat</Extensions>
    </Filter>
    <Filter Include="Header Files">
      <UniqueIdentifier>{5f5d206a-4764-47fa-9163-f9eb8c35efb0}</UniqueIdentifier>
      <Extensions>h;hpp;hxx;hm;inl</Extensions>
    </Filter>
  </ItemGroup>
  <ItemGroup>
    <ClCompile Include="xmlparse.c">
      <Filter>Source Files</Filter>
    </ClCompile>
    <ClCompile Include="xmlrole.c">
      <Filter>Source Files</Filter>
    </ClCompile>
    <ClCompile Include="xmltok.c">
      <Filter>Source Files</Filter>
    </ClCompile>
    <ClCompile Include="xmltok_impl.c">
      <Filter>Source Files</Filter>
    </ClCompile>
    <ClCompile Include="xmltok_ns.c">
      <Filter>Source Files</Filter>
    </ClCompile>
  </ItemGroup>
  <ItemGroup>
    <ClInclude Include="ascii.h">
      <Filter>Header Files</Filter>
    </ClInclude>
    <ClInclude Include="asciitab.h">
      <Filter>Header Files</Filter>
    </ClInclude>
    <ClInclude Include="expat.h">
      <Filter>Header Files</Filter>
    </ClInclude>
    <ClInclude Include="iasciitab.h">
      <Filter>Header Files</Filter>
    </ClInclude>
    <ClInclude Include="latin1tab.h">
      <Filter>Header Files</Filter>
    </ClInclude>
    <ClInclude Include="nametab.h">
      <Filter>Header Files</Filter>
    </ClInclude>
    <ClInclude Include="utf8tab.h">
      <Filter>Header Files</Filter>
    </ClInclude>
    <ClInclude Include="winconfig.h">
      <Filter>Header Files</Filter>
    </ClInclude>
    <ClInclude Include="xmlrole.h">
      <Filter>Header Files</Filter>
    </ClInclude>
    <ClInclude Include="xmltok.h">
      <Filter>Header Files</Filter>
    </ClInclude>
    <ClInclude Include="xmltok_impl.h">
      <Filter>Header Files</Filter>
    </ClInclude>
  </ItemGroup>
  <ItemGroup>
    <Text Include="ReadMe.txt" />
  </ItemGroup>
</Project>